[[package]]
category = "dev"
description = "A small Python module for determining appropriate platform-specific dirs, e.g. a \"user data dir\"."
name = "appdirs"
optional = false
python-versions = "*"
version = "1.4.4"

[[package]]
category = "main"
description = "ASGI specs, helper code, and adapters"
name = "asgiref"
optional = false
python-versions = ">=3.5"
version = "3.2.10"

[package.extras]
tests = ["pytest", "pytest-asyncio"]

[[package]]
category = "main"
description = "Community-developed python astronomy tools"
name = "astropy"
optional = false
python-versions = ">=3.6"
version = "4.0.1.post1"

[package.extras]
docs = ["sphinx-astropy"]

[[package]]
category = "main"
description = "A decorator for caching properties in classes."
name = "cached-property"
optional = false
python-versions = "*"
version = "1.5.1"

[[package]]
category = "main"
description = "Code for Anisotropies in the Microwave Background"
name = "camb"
optional = false
python-versions = ">=3.6"
version = "1.1.3"

[package.dependencies]
scipy = ">=1.0"
sympy = ">=1.0"

[[package]]
category = "main"
description = "Python package for providing Mozilla's CA Bundle."
name = "certifi"
optional = false
python-versions = "*"
version = "2020.6.20"

[[package]]
category = "dev"
description = "Validate configuration and produce human readable error messages."
name = "cfgv"
optional = false
python-versions = ">=3.6.1"
version = "3.1.0"

[[package]]
category = "main"
description = "Cosmology, halo, and large-scale structure tools"
name = "colossus"
optional = false
python-versions = "*"
version = "1.2.15"

[[package]]
category = "main"
description = "Composable style cycles"
name = "cycler"
optional = false
python-versions = "*"
version = "0.10.0"

[package.dependencies]
six = "*"

[[package]]
category = "dev"
description = "Distribution utilities"
name = "distlib"
optional = false
python-versions = "*"
version = "0.3.1"

[[package]]
category = "main"
description = "A high-level Python Web framework that encourages rapid development and clean, pragmatic design."
name = "django"
optional = false
python-versions = ">=3.6"
version = "3.0.7"

[package.dependencies]
asgiref = ">=3.2,<4.0"
pytz = "*"
sqlparse = ">=0.2.2"

[package.extras]
argon2 = ["argon2-cffi (>=16.1.0)"]
bcrypt = ["bcrypt"]

[[package]]
category = "main"
description = "Analytics service integration for Django projects"
name = "django-analytical"
optional = false
python-versions = "*"
version = "2.6.0"

[[package]]
category = "main"
description = "Best way to have Django DRY forms"
name = "django-crispy-forms"
optional = false
python-versions = ">=3.5"
version = "1.9.1"

[[package]]
category = "main"
description = "A range-slider field for django , using jquery-ui"
name = "django-range-slider"
optional = false
python-versions = "*"
version = "0.2.4"

[[package]]
category = "main"
description = "A library that enables you to easily build your own tab navigation based on class based views."
name = "django-tabination"
optional = false
python-versions = "*"
version = "0.4.0"

[[package]]
category = "dev"
description = "A platform independent file lock."
name = "filelock"
optional = false
python-versions = "*"
version = "3.0.12"

[[package]]
category = "main"
description = "A Halo Model calculator built on hmf"
develop = true
name = "halomod"
optional = false
python-versions = "*"
version = "0.0.0"

[package.dependencies]
cached_property = "*"
colossus = "*"
hankel = "*"
hmf = "*"
mpmath = "*"
numpy = "*"
scipy = "*"

[package.extras]
dev = ["Sphinx (>=1.7.5)", "numpydoc (>=0.8.0)", "nbsphinx", "coverage (>=4.5.1)", "pytest (>=3.5.1)", "pytest-cov (>=2.5.1)", "pre-commit", "mpmath (>=1.0.0)", "numba"]
docs = ["Sphinx (>=1.7.5)", "numpydoc (>=0.8.0)", "nbsphinx"]
tests = ["coverage (>=4.5.1)", "pytest (>=3.5.1)", "pytest-cov (>=2.5.1)", "pre-commit", "mpmath (>=1.0.0)", "numba"]

[package.source]
reference = ""
type = "directory"
url = "../halomod"

[[package]]
category = "main"
description = "Hankel Transformations using method of Ogata 2005"
name = "hankel"
optional = false
python-versions = ">=3.5"
version = "1.1.0"

[package.dependencies]
mpmath = ">=1.0.0"
numpy = ">=1.9.3"
scipy = ">=0.16.1"

[package.extras]
dev = ["pre-commit", "pytest", "pytest-cov", "ipykernel", "nbsphinx", "numpydoc", "pandoc", "sphinx (>=2.0)", "sphinx-rtd-theme"]
docs = ["ipykernel", "nbsphinx", "numpydoc", "pandoc", "sphinx (>=2.0)", "sphinx-rtd-theme"]
tests = ["pre-commit", "pytest", "pytest-cov"]

[[package]]
category = "main"
description = "A halo mass function calculator"
develop = true
name = "hmf"
optional = false
python-versions = "*"
version = "0.0.0"

[package.dependencies]
astropy = ">=1.1"
camb = ">=1.0.0"
numpy = ">=1.6.2"
scipy = ">=0.12.0"

[package.extras]
cosmo = ["colossus (>=1.2.1)"]
dev = ["Sphinx (>=1.7.5)", "numpydoc (>=0.8.0)", "nbsphinx", "coverage (>=4.5.1)", "pytest (>=3.5.1)", "pytest-cov (>=2.5.1)", "pre-commit", "mpmath (>=1.0.0)", "colossus (>=1.2.1)", "halomod (1.4.6.dev58)"]
docs = ["Sphinx (>=1.7.5)", "numpydoc (>=0.8.0)", "nbsphinx"]
tests = ["coverage (>=4.5.1)", "pytest (>=3.5.1)", "pytest-cov (>=2.5.1)", "pre-commit", "mpmath (>=1.0.0)", "colossus (>=1.2.1)", "halomod (1.4.6.dev58)"]

[package.source]
reference = ""
type = "directory"
url = "../../HMF/hmf"

[[package]]
category = "dev"
description = "File identification library for Python"
name = "identify"
optional = false
python-versions = "!=3.0.*,!=3.1.*,!=3.2.*,!=3.3.*,>=2.7"
version = "1.4.20"

[package.extras]
license = ["editdistance"]

[[package]]
category = "main"
description = "A fast implementation of the Cassowary constraint solver"
name = "kiwisolver"
optional = false
python-versions = ">=3.6"
version = "1.2.0"

[[package]]
category = "main"
description = "lightweight wrapper around basic LLVM functionality"
name = "llvmlite"
optional = false
python-versions = ">=3.6"
version = "0.33.0"

[[package]]
category = "main"
description = "Python plotting package"
name = "matplotlib"
optional = false
python-versions = ">=3.6"
version = "3.2.2"

[package.dependencies]
cycler = ">=0.10"
kiwisolver = ">=1.0.1"
numpy = ">=1.11"
pyparsing = ">=2.0.1,<2.0.4 || >2.0.4,<2.1.2 || >2.1.2,<2.1.6 || >2.1.6"
python-dateutil = ">=2.1"

[[package]]
category = "main"
description = "Python library for arbitrary-precision floating-point arithmetic"
name = "mpmath"
optional = false
python-versions = "*"
version = "1.1.0"

[[package]]
category = "dev"
description = "Node.js virtual environment builder"
name = "nodeenv"
optional = false
python-versions = "*"
version = "1.4.0"

[[package]]
category = "main"
description = "compiling Python code using LLVM"
name = "numba"
optional = false
python-versions = ">=3.6"
version = "0.50.1"

[package.dependencies]
llvmlite = ">=0.33.0.dev0,<0.34"
numpy = ">=1.15"
setuptools = "*"

[[package]]
category = "main"
description = "NumPy is the fundamental package for array computing with Python."
name = "numpy"
optional = false
python-versions = ">=3.6"
version = "1.19.0"

[[package]]
category = "dev"
description = "A framework for managing and maintaining multi-language pre-commit hooks."
name = "pre-commit"
optional = false
python-versions = ">=3.6.1"
version = "2.5.1"

[package.dependencies]
cfgv = ">=2.0.0"
identify = ">=1.0.0"
nodeenv = ">=0.11.1"
pyyaml = ">=5.1"
toml = "*"
virtualenv = ">=20.0.8"

[[package]]
category = "main"
description = "Python parsing module"
name = "pyparsing"
optional = false
python-versions = ">=2.6, !=3.0.*, !=3.1.*, !=3.2.*"
version = "2.4.7"

[[package]]
category = "main"
description = "Extensions to the standard Python datetime module"
name = "python-dateutil"
optional = false
python-versions = "!=3.0.*,!=3.1.*,!=3.2.*,>=2.7"
version = "2.8.1"

[package.dependencies]
six = ">=1.5"

[[package]]
category = "main"
description = "World timezone definitions, modern and historical"
name = "pytz"
optional = false
python-versions = "*"
version = "2020.1"

[[package]]
category = "dev"
description = "YAML parser and emitter for Python"
name = "pyyaml"
optional = false
python-versions = ">=2.7, !=3.0.*, !=3.1.*, !=3.2.*, !=3.3.*, !=3.4.*"
version = "5.3.1"

[[package]]
category = "main"
description = "SciPy: Scientific Library for Python"
name = "scipy"
optional = false
python-versions = ">=3.6"
version = "1.5.0"

[package.dependencies]
numpy = ">=1.14.5"

[[package]]
category = "main"
description = "Python client for Sentry (https://getsentry.com)"
name = "sentry-sdk"
optional = false
python-versions = "*"
version = "0.15.1"

[package.dependencies]
certifi = "*"
urllib3 = ">=1.10.0"

[package.extras]
aiohttp = ["aiohttp (>=3.5)"]
beam = ["beam (>=2.12)"]
bottle = ["bottle (>=0.12.13)"]
celery = ["celery (>=3)"]
django = ["django (>=1.8)"]
falcon = ["falcon (>=1.4)"]
flask = ["flask (>=0.11)", "blinker (>=1.1)"]
pyspark = ["pyspark (>=2.4.4)"]
rq = ["rq (>=0.6)"]
sanic = ["sanic (>=0.8)"]
sqlalchemy = ["sqlalchemy (>=1.2)"]
tornado = ["tornado (>=5)"]

[[package]]
category = "main"
description = "the blessed package to manage your versions by scm tags"
name = "setuptools-scm"
optional = false
python-versions = "!=3.0.*,!=3.1.*,!=3.2.*,!=3.3.*,!=3.4.*,>=2.7"
version = "4.1.2"

[package.dependencies]
setuptools = "*"

[package.extras]
toml = ["toml"]

[[package]]
category = "main"
description = "Python 2 and 3 compatibility utilities"
name = "six"
optional = false
python-versions = ">=2.7, !=3.0.*, !=3.1.*, !=3.2.*"
version = "1.15.0"

[[package]]
category = "main"
description = "Non-validating SQL parser"
name = "sqlparse"
optional = false
python-versions = ">=2.7, !=3.0.*, !=3.1.*, !=3.2.*, !=3.3.*"
version = "0.3.1"

[[package]]
category = "main"
description = "Computer algebra system (CAS) in Python"
name = "sympy"
optional = false
python-versions = ">=3.5"
version = "1.6"

[package.dependencies]
mpmath = ">=0.19"

[[package]]
category = "dev"
description = "Python Library for Tom's Obvious, Minimal Language"
name = "toml"
optional = false
python-versions = "*"
version = "0.10.1"

[[package]]
category = "main"
description = "HTTP library with thread-safe connection pooling, file post, and more."
name = "urllib3"
optional = false
python-versions = ">=2.7, !=3.0.*, !=3.1.*, !=3.2.*, !=3.3.*, !=3.4.*, <4"
version = "1.25.9"

[package.extras]
brotli = ["brotlipy (>=0.6.0)"]
secure = ["certifi", "cryptography (>=1.3.4)", "idna (>=2.0.0)", "pyOpenSSL (>=0.14)", "ipaddress"]
socks = ["PySocks (>=1.5.6,<1.5.7 || >1.5.7,<2.0)"]

[[package]]
category = "dev"
description = "Virtual Python Environment builder"
name = "virtualenv"
optional = false
python-versions = "!=3.0.*,!=3.1.*,!=3.2.*,!=3.3.*,>=2.7"
version = "20.0.25"

[package.dependencies]
appdirs = ">=1.4.3,<2"
distlib = ">=0.3.0,<1"
filelock = ">=3.0.0,<4"
six = ">=1.9.0,<2"

[package.extras]
docs = ["sphinx (>=3)", "sphinx-argparse (>=0.2.5)", "sphinx-rtd-theme (>=0.4.3)", "towncrier (>=19.9.0rc1)", "proselint (>=0.10.2)"]
testing = ["pytest (>=4)", "coverage (>=5)", "coverage-enable-subprocess (>=1)", "pytest-xdist (>=1.31.0)", "pytest-mock (>=2)", "pytest-env (>=0.6.2)", "pytest-randomly (>=1)", "pytest-timeout (>=1)", "pytest-freezegun (>=0.4.1)", "flaky (>=3)", "packaging (>=20.0)", "xonsh (>=0.9.16)"]

[metadata]
content-hash = "0d68a32c7c83763cb6807678247db06626bbf1305d33553f10c5aa21ce5423b6"
python-versions = "^3.8"

[metadata.files]
appdirs = [
    {file = "appdirs-1.4.4-py2.py3-none-any.whl", hash = "sha256:a841dacd6b99318a741b166adb07e19ee71a274450e68237b4650ca1055ab128"},
    {file = "appdirs-1.4.4.tar.gz", hash = "sha256:7d5d0167b2b1ba821647616af46a749d1c653740dd0d2415100fe26e27afdf41"},
]
asgiref = [
    {file = "asgiref-3.2.10-py3-none-any.whl", hash = "sha256:9fc6fb5d39b8af147ba40765234fa822b39818b12cc80b35ad9b0cef3a476aed"},
    {file = "asgiref-3.2.10.tar.gz", hash = "sha256:7e51911ee147dd685c3c8b805c0ad0cb58d360987b56953878f8c06d2d1c6f1a"},
]
astropy = [
    {file = "astropy-4.0.1.post1-cp36-cp36m-macosx_10_9_x86_64.whl", hash = "sha256:86ccbf614d63440680196c1251cb77abf3df393176aec4f441959d43f28f617d"},
    {file = "astropy-4.0.1.post1-cp36-cp36m-manylinux1_i686.whl", hash = "sha256:14a2f070824b9c3d0b8e9168e8aa6ea9a10e2d005e5a41a3245a38cc9679190d"},
    {file = "astropy-4.0.1.post1-cp36-cp36m-manylinux1_x86_64.whl", hash = "sha256:9bc66cdfff353563a0f8d56da53d2d3c7dcb6d96930b48ad1146f1c5c9dc3c00"},
    {file = "astropy-4.0.1.post1-cp36-cp36m-win32.whl", hash = "sha256:7a1f5146cccdcf89070c829012ae2f8ef4f64385fbeafd80cde91708dba32132"},
    {file = "astropy-4.0.1.post1-cp36-cp36m-win_amd64.whl", hash = "sha256:6ccacc159391cc39069a705aa25e39ad7494573162d8938d288515b7d22bd212"},
    {file = "astropy-4.0.1.post1-cp37-cp37m-macosx_10_9_x86_64.whl", hash = "sha256:878ee573d30566d1282c8891a7c1ddf446b3502f30b925b13d6ed2c847b28653"},
    {file = "astropy-4.0.1.post1-cp37-cp37m-manylinux1_i686.whl", hash = "sha256:b5007f16202cbebf509920cebaa7312ca3953fd9b201688db934a218d2f4ceea"},
    {file = "astropy-4.0.1.post1-cp37-cp37m-manylinux1_x86_64.whl", hash = "sha256:606029383730b7ebf8870664efb34391e546e1f247324b07f5aae0e518acdc95"},
    {file = "astropy-4.0.1.post1-cp37-cp37m-win32.whl", hash = "sha256:ac33edfbe484a6a1a4cda6a918218853e19899ce75488356a8186115fc37c70e"},
    {file = "astropy-4.0.1.post1-cp37-cp37m-win_amd64.whl", hash = "sha256:46dfec9d03d30727ad931abfd94c51b52334b021be19de96bdb047aa890dfcc0"},
    {file = "astropy-4.0.1.post1-cp38-cp38-macosx_10_9_x86_64.whl", hash = "sha256:c0a92f0bab6440b39c89c21e7f667cf1437281ae59cc28f5d2ec48fd04d343e6"},
    {file = "astropy-4.0.1.post1-cp38-cp38-manylinux1_i686.whl", hash = "sha256:e145c050408d911c104b2eab0c40a66853703346e18505d75240c383a34ec56a"},
    {file = "astropy-4.0.1.post1-cp38-cp38-manylinux1_x86_64.whl", hash = "sha256:755077baecfbe2122ff56c1a0d61e905cc3ef43105ef0167968eb4ce3f4469b4"},
    {file = "astropy-4.0.1.post1-cp38-cp38-win32.whl", hash = "sha256:d8a8db0b69256b357ae5544bc31c4f21fad1f067d2cc3e9936c646dea5b7d908"},
    {file = "astropy-4.0.1.post1.tar.gz", hash = "sha256:5c304a6c1845ca426e7bc319412b0363fccb4928cb4ba59298acd1918eec44b5"},
]
cached-property = [
    {file = "cached-property-1.5.1.tar.gz", hash = "sha256:9217a59f14a5682da7c4b8829deadbfc194ac22e9908ccf7c8820234e80a1504"},
    {file = "cached_property-1.5.1-py2.py3-none-any.whl", hash = "sha256:3a026f1a54135677e7da5ce819b0c690f156f37976f3e30c5430740725203d7f"},
]
camb = [
    {file = "camb-1.1.3.tar.gz", hash = "sha256:943407b8c133cf7274cdc8475d148c30092e819ffa5bb433766bba694f7f5d43"},
]
certifi = [
    {file = "certifi-2020.6.20-py2.py3-none-any.whl", hash = "sha256:8fc0819f1f30ba15bdb34cceffb9ef04d99f420f68eb75d901e9560b8749fc41"},
    {file = "certifi-2020.6.20.tar.gz", hash = "sha256:5930595817496dd21bb8dc35dad090f1c2cd0adfaf21204bf6732ca5d8ee34d3"},
]
cfgv = [
    {file = "cfgv-3.1.0-py2.py3-none-any.whl", hash = "sha256:1ccf53320421aeeb915275a196e23b3b8ae87dea8ac6698b1638001d4a486d53"},
    {file = "cfgv-3.1.0.tar.gz", hash = "sha256:c8e8f552ffcc6194f4e18dd4f68d9aef0c0d58ae7e7be8c82bee3c5e9edfa513"},
]
colossus = [
    {file = "colossus-1.2.15-py2.py3-none-any.whl", hash = "sha256:b08791204dba213580d20b6da4e640e7f19922a222b85eae5d629067d3bfe4af"},
]
cycler = [
    {file = "cycler-0.10.0-py2.py3-none-any.whl", hash = "sha256:1d8a5ae1ff6c5cf9b93e8811e581232ad8920aeec647c37316ceac982b08cb2d"},
    {file = "cycler-0.10.0.tar.gz", hash = "sha256:cd7b2d1018258d7247a71425e9f26463dfb444d411c39569972f4ce586b0c9d8"},
]
distlib = [
    {file = "distlib-0.3.1-py2.py3-none-any.whl", hash = "sha256:8c09de2c67b3e7deef7184574fc060ab8a793e7adbb183d942c389c8b13c52fb"},
    {file = "distlib-0.3.1.zip", hash = "sha256:edf6116872c863e1aa9d5bb7cb5e05a022c519a4594dc703843343a9ddd9bff1"},
]
django = [
    {file = "Django-3.0.7-py3-none-any.whl", hash = "sha256:e1630333248c9b3d4e38f02093a26f1e07b271ca896d73097457996e0fae12e8"},
    {file = "Django-3.0.7.tar.gz", hash = "sha256:5052b34b34b3425233c682e0e11d658fd6efd587d11335a0203d827224ada8f2"},
]
django-analytical = [
    {file = "django-analytical-2.6.0.tar.gz", hash = "sha256:6ccda72996f72902902ec38183613c6c02093bc1046dc75831f0f014a663549f"},
    {file = "django_analytical-2.6.0-py3-none-any.whl", hash = "sha256:07d6907cee47e2acafaa1332d250c8f01b8f45375cd576ca1bb0d8095f92f227"},
]
django-crispy-forms = [
    {file = "django-crispy-forms-1.9.1.tar.gz", hash = "sha256:fbe9c2c9698b6590afe37940cb08194d1e722015f6bc5bee83f679362406ea30"},
    {file = "django_crispy_forms-1.9.1-py2.py3-none-any.whl", hash = "sha256:ad943285508f0ed0e271d00399b9399c22b8795a4f969029bce0fd29522a8e2d"},
]
django-range-slider = [
    {file = "django_range_slider-0.2.4.tar.gz", hash = "sha256:accb534671fb135242bad03010fabdad578ab020e51d17cc5c9d42a7da857985"},
]
django-tabination = [
    {file = "django-tabination-0.4.0.tar.gz", hash = "sha256:4814e68fc52ca76a49d458063e8d0fe915fc7eec329306af444a1ad4e18db447"},
    {file = "django_tabination-0.4.0-py2-none-any.whl", hash = "sha256:3fbce76cf5bedfb797fb46bc1b2c2211fc92c9401d930a9d3e84ded516a409fd"},
    {file = "django_tabination-0.4.0-py3-none-any.whl", hash = "sha256:fca46a340719c4c1746b05c96acbcfb72465b8383d2e7284278219155e7d9c27"},
]
filelock = [
    {file = "filelock-3.0.12-py3-none-any.whl", hash = "sha256:929b7d63ec5b7d6b71b0fa5ac14e030b3f70b75747cef1b10da9b879fef15836"},
    {file = "filelock-3.0.12.tar.gz", hash = "sha256:18d82244ee114f543149c66a6e0c14e9c4f8a1044b5cdaadd0f82159d6a6ff59"},
]
halomod = []
hankel = [
    {file = "hankel-1.1.0-py3-none-any.whl", hash = "sha256:c3a30389d47178d78bd744a8eeca25305ba7dfcbe0687fee5c3843bd5a48382e"},
    {file = "hankel-1.1.0.tar.gz", hash = "sha256:83764755e132a86c6c801f02722d544c69a469b2dda1a338eafb663c4c9053e4"},
]
hmf = []
identify = [
    {file = "identify-1.4.20-py2.py3-none-any.whl", hash = "sha256:acf0712ab4042642e8f44e9532d95c26fbe60c0ab8b6e5b654dd1bc6512810e0"},
    {file = "identify-1.4.20.tar.gz", hash = "sha256:b2cd24dece806707e0b50517c1b3bcf3044e0b1cb13a72e7d34aa31c91f2a55a"},
]
kiwisolver = [
    {file = "kiwisolver-1.2.0-cp36-cp36m-macosx_10_9_x86_64.whl", hash = "sha256:443c2320520eda0a5b930b2725b26f6175ca4453c61f739fef7a5847bd262f74"},
    {file = "kiwisolver-1.2.0-cp36-cp36m-manylinux1_i686.whl", hash = "sha256:efcf3397ae1e3c3a4a0a0636542bcad5adad3b1dd3e8e629d0b6e201347176c8"},
    {file = "kiwisolver-1.2.0-cp36-cp36m-manylinux1_x86_64.whl", hash = "sha256:fccefc0d36a38c57b7bd233a9b485e2f1eb71903ca7ad7adacad6c28a56d62d2"},
    {file = "kiwisolver-1.2.0-cp36-none-win32.whl", hash = "sha256:60a78858580761fe611d22127868f3dc9f98871e6fdf0a15cc4203ed9ba6179b"},
    {file = "kiwisolver-1.2.0-cp36-none-win_amd64.whl", hash = "sha256:556da0a5f60f6486ec4969abbc1dd83cf9b5c2deadc8288508e55c0f5f87d29c"},
    {file = "kiwisolver-1.2.0-cp37-cp37m-macosx_10_9_x86_64.whl", hash = "sha256:7cc095a4661bdd8a5742aaf7c10ea9fac142d76ff1770a0f84394038126d8fc7"},
    {file = "kiwisolver-1.2.0-cp37-cp37m-manylinux1_i686.whl", hash = "sha256:c955791d80e464da3b471ab41eb65cf5a40c15ce9b001fdc5bbc241170de58ec"},
    {file = "kiwisolver-1.2.0-cp37-cp37m-manylinux1_x86_64.whl", hash = "sha256:603162139684ee56bcd57acc74035fceed7dd8d732f38c0959c8bd157f913fec"},
    {file = "kiwisolver-1.2.0-cp37-none-win32.whl", hash = "sha256:03662cbd3e6729f341a97dd2690b271e51a67a68322affab12a5b011344b973c"},
    {file = "kiwisolver-1.2.0-cp37-none-win_amd64.whl", hash = "sha256:4eadb361baf3069f278b055e3bb53fa189cea2fd02cb2c353b7a99ebb4477ef1"},
    {file = "kiwisolver-1.2.0-cp38-cp38-macosx_10_9_x86_64.whl", hash = "sha256:c31bc3c8e903d60a1ea31a754c72559398d91b5929fcb329b1c3a3d3f6e72113"},
    {file = "kiwisolver-1.2.0-cp38-cp38-manylinux1_i686.whl", hash = "sha256:d52b989dc23cdaa92582ceb4af8d5bcc94d74b2c3e64cd6785558ec6a879793e"},
    {file = "kiwisolver-1.2.0-cp38-cp38-manylinux1_x86_64.whl", hash = "sha256:e586b28354d7b6584d8973656a7954b1c69c93f708c0c07b77884f91640b7657"},
    {file = "kiwisolver-1.2.0-cp38-none-win32.whl", hash = "sha256:d069ef4b20b1e6b19f790d00097a5d5d2c50871b66d10075dab78938dc2ee2cf"},
    {file = "kiwisolver-1.2.0-cp38-none-win_amd64.whl", hash = "sha256:18d749f3e56c0480dccd1714230da0f328e6e4accf188dd4e6884bdd06bf02dd"},
    {file = "kiwisolver-1.2.0.tar.gz", hash = "sha256:247800260cd38160c362d211dcaf4ed0f7816afb5efe56544748b21d6ad6d17f"},
]
llvmlite = [
    {file = "llvmlite-0.33.0-cp36-cp36m-macosx_10_9_x86_64.whl", hash = "sha256:1a31702cc1383893a4c3d8103226207399848aaa4d16633051d0a25d78cfc726"},
    {file = "llvmlite-0.33.0-cp36-cp36m-manylinux1_i686.whl", hash = "sha256:03f5557f9e52bbaeca60a2e89ae71ca907e2f19a03f75fea73d9d5bbf619654e"},
    {file = "llvmlite-0.33.0-cp36-cp36m-manylinux1_x86_64.whl", hash = "sha256:ff7145e263cccb82e93ec88b30e55b7705ce40cde3bd86de26e83e22734b0632"},
    {file = "llvmlite-0.33.0-cp36-cp36m-win32.whl", hash = "sha256:c2b71b560555b9ddbdb50425bbecfb1df2d5153c1b0db47e2d23286deb1c3753"},
    {file = "llvmlite-0.33.0-cp36-cp36m-win_amd64.whl", hash = "sha256:c5a09728fb98336dd3d0f96aafadb2e3b4ccc3214804f71a02afb9ae40cfcd91"},
    {file = "llvmlite-0.33.0-cp37-cp37m-macosx_10_9_x86_64.whl", hash = "sha256:cc4b5564c644ba438cf2616de4731766d093199299d9c7573f6fe8aa5b2c07c3"},
    {file = "llvmlite-0.33.0-cp37-cp37m-manylinux1_i686.whl", hash = "sha256:2e83ca852d002d768523251719865223eae693bdf012720eccd0af95aee798b5"},
    {file = "llvmlite-0.33.0-cp37-cp37m-manylinux1_x86_64.whl", hash = "sha256:4eeb747c5c8acb7bafb42ae7a69cf95ed21b26d54e7165bc8468f9e9c8a1ed5e"},
    {file = "llvmlite-0.33.0-cp37-cp37m-win32.whl", hash = "sha256:53981cde265b2dd489b0efccd2e456ac72b849d46a91a4b6f89b0267488edece"},
    {file = "llvmlite-0.33.0-cp37-cp37m-win_amd64.whl", hash = "sha256:f74e8ae96cb82622f17cad04048f8565a906377d61df31bcb7c82038144aded1"},
    {file = "llvmlite-0.33.0-cp38-cp38-macosx_10_9_x86_64.whl", hash = "sha256:37b0da8df72d575d57e930efdd8e257c72bb9ceb722403483349fbdb5cadb726"},
    {file = "llvmlite-0.33.0-cp38-cp38-manylinux1_i686.whl", hash = "sha256:b9ffc8a7c44f1726330ad8a6bc97272728212ef0667105259c26396e94a76fbd"},
    {file = "llvmlite-0.33.0-cp38-cp38-manylinux1_x86_64.whl", hash = "sha256:89b9458b1e1c9b3adb48695ba1bf266dffc7cb381265839113eda5a6102e731d"},
    {file = "llvmlite-0.33.0-cp38-cp38-win32.whl", hash = "sha256:5f181a0aae3367787291cdfd07b703ddbb8b08f394fad64d555db7ea217d0f24"},
    {file = "llvmlite-0.33.0-cp38-cp38-win_amd64.whl", hash = "sha256:5d4f8433df3bdb5e008b9766aa6de5854f5c5b29314037d301c92ca12bfb7f1a"},
    {file = "llvmlite-0.33.0.tar.gz", hash = "sha256:9c8aae96f7fba10d9ac864b443d1e8c7ee4765c31569a2b201b3d0b67d8fc596"},
]
matplotlib = [
    {file = "matplotlib-3.2.2-cp36-cp36m-macosx_10_9_x86_64.whl", hash = "sha256:a47abc48c7b81fe6e636dde8a58e49b13d87d140e0f448213a4879f4a3f73345"},
    {file = "matplotlib-3.2.2-cp36-cp36m-manylinux1_x86_64.whl", hash = "sha256:20bcd11efe194cd302bd0653cb025b8d16bcd80442359bfca8d49dc805f35ec8"},
    {file = "matplotlib-3.2.2-cp36-cp36m-win32.whl", hash = "sha256:2a6d64336b547e25730b6221e7aadfb01a391a065d43b5f51f0b9d7f673d2dd2"},
    {file = "matplotlib-3.2.2-cp36-cp36m-win_amd64.whl", hash = "sha256:4416825ebc9c1f135027a30e8d8aea0edcf45078ce767c7f7386737413cfb98f"},
    {file = "matplotlib-3.2.2-cp37-cp37m-macosx_10_9_x86_64.whl", hash = "sha256:465c752278d27895e23f1379d6fcfa3a2990643b803c25e3bc16a10641d2346a"},
    {file = "matplotlib-3.2.2-cp37-cp37m-manylinux1_x86_64.whl", hash = "sha256:81de040403a33bf3c68e9d4a40e26c8d24da00f7e3fadd845003b7e106785da7"},
    {file = "matplotlib-3.2.2-cp37-cp37m-win32.whl", hash = "sha256:006413f08ba5db1f5b1e0d6fbdc2ac9058b062ccf552f57182563a78579c34b4"},
    {file = "matplotlib-3.2.2-cp37-cp37m-win_amd64.whl", hash = "sha256:da06fa530591a141ffbe1712bbeec784734c3436b40c942d21652f305199b5d9"},
    {file = "matplotlib-3.2.2-cp38-cp38-macosx_10_9_x86_64.whl", hash = "sha256:894dd47c0a6ce38dc19bc87d1f7e2b0608310b2a18d1572291157450b05ce874"},
    {file = "matplotlib-3.2.2-cp38-cp38-manylinux1_x86_64.whl", hash = "sha256:1ab264770e7cf2cf4feb99f22c737066aef21ddf1ec402dc255450ac15eacb7b"},
    {file = "matplotlib-3.2.2-cp38-cp38-win32.whl", hash = "sha256:91c153f4318e3c67c035fd1185f5ea2613f15008b73b66985033033f6fe54bbd"},
    {file = "matplotlib-3.2.2-cp38-cp38-win_amd64.whl", hash = "sha256:a68e42e22f7fd190a532e4215e142276970c2d54040a0c46842fcb3db8b6ec5b"},
    {file = "matplotlib-3.2.2-cp39-cp39-win32.whl", hash = "sha256:647cf232ccf6265d2ba1ac4103e8c8b6ac7b03a40da3421234ffb03dda217f59"},
    {file = "matplotlib-3.2.2-cp39-cp39-win_amd64.whl", hash = "sha256:31d32c83bb2b617377c6156f75e88b9ec2ded289e47ad4ff0f263dc1019d88b1"},
    {file = "matplotlib-3.2.2-pp36-pypy36_pp73-win32.whl", hash = "sha256:67065d938df34478451af62fbd0670d2b51c4d859fb66673064eb5de8660dd7c"},
    {file = "matplotlib-3.2.2.tar.gz", hash = "sha256:3d77a6630d093d74cbbfebaa0571d00790966be1ed204e4a8239f5cbd6835c5d"},
]
mpmath = [
    {file = "mpmath-1.1.0.tar.gz", hash = "sha256:fc17abe05fbab3382b61a123c398508183406fa132e0223874578e20946499f6"},
]
nodeenv = [
    {file = "nodeenv-1.4.0-py2.py3-none-any.whl", hash = "sha256:4b0b77afa3ba9b54f4b6396e60b0c83f59eaeb2d63dc3cc7a70f7f4af96c82bc"},
]
numba = [
    {file = "numba-0.50.1-cp36-cp36m-macosx_10_14_x86_64.whl", hash = "sha256:77eba26deda636cf67c1554e2af70063a603b952e181f0570caa3ff1f101c950"},
    {file = "numba-0.50.1-cp36-cp36m-manylinux1_i686.whl", hash = "sha256:df5217e05e5612f4df7033a1588b9e55c76dead00faf40ed168f1c62b21d64ad"},
    {file = "numba-0.50.1-cp36-cp36m-manylinux1_x86_64.whl", hash = "sha256:404809fca5fd71b20096a6eea201c5bcf5255337818d3939f1631ba190a06d1f"},
    {file = "numba-0.50.1-cp36-cp36m-manylinux2014_x86_64.whl", hash = "sha256:2e17eadf3c5c3cae525ce6d1a71d021dd67a980ce766484a68018d3c7d7cfcab"},
    {file = "numba-0.50.1-cp36-cp36m-win32.whl", hash = "sha256:ddc73deb0637699df4ed678f48d1d73f9397e86b134f6f47868c823241578706"},
    {file = "numba-0.50.1-cp36-cp36m-win_amd64.whl", hash = "sha256:e4c0abd4c75b3da824d9601989d97666db6e94011e26e83eb78ac8e723224460"},
    {file = "numba-0.50.1-cp37-cp37m-macosx_10_14_x86_64.whl", hash = "sha256:38146c10f8457705e74e2e02f0d0d339f4a5143b92cccaa1ef18ae240bcdae4f"},
    {file = "numba-0.50.1-cp37-cp37m-manylinux1_i686.whl", hash = "sha256:943ddf7192a90823485028039cdef5358fddd0f55922c6ab46fe6b74b7335f16"},
    {file = "numba-0.50.1-cp37-cp37m-manylinux1_x86_64.whl", hash = "sha256:d9a8089b9c6905fab7465700caf27757fc32b8011df9c4ea48a261cdb58c1dad"},
    {file = "numba-0.50.1-cp37-cp37m-manylinux2014_x86_64.whl", hash = "sha256:753f400038e74b685ef21edf8218c524a782c269819e074c83fa241e6c6cde0e"},
    {file = "numba-0.50.1-cp37-cp37m-win32.whl", hash = "sha256:925580ec493370206abe9143f96a3e843a1982dbae2f33151a71614ab9aca39d"},
    {file = "numba-0.50.1-cp37-cp37m-win_amd64.whl", hash = "sha256:d42e0bdfdb920db7cfc68d49908aba25f51789a9b2497dc4dc889d8df234691d"},
    {file = "numba-0.50.1-cp38-cp38-macosx_10_14_x86_64.whl", hash = "sha256:5caf68ac45eddafc6c4275cc8bae67bdbc246536284821f7894c5a8fabb0c132"},
    {file = "numba-0.50.1-cp38-cp38-manylinux1_i686.whl", hash = "sha256:24852c21fbf7edf9e000eeec9fbd1b24d1ca17c86ae449b06a3707bcdec95479"},
    {file = "numba-0.50.1-cp38-cp38-manylinux1_x86_64.whl", hash = "sha256:44407fd45655d887b3bb12b9282c0d994c2e7d59ba537e7429349403de6eb8c0"},
    {file = "numba-0.50.1-cp38-cp38-manylinux2014_x86_64.whl", hash = "sha256:c98b09d78144da2e5b8c7b690f80d12076a6b8e9af6e3c7f772a08cf04821cc1"},
    {file = "numba-0.50.1-cp38-cp38-win32.whl", hash = "sha256:3a4114dc1b9af491235ce30517913afe0a0a226117a924e7361d626f55e0e054"},
    {file = "numba-0.50.1-cp38-cp38-win_amd64.whl", hash = "sha256:5848d6bc5604664823a1681b17eb934147b24cfcb4df672be33315ff3f9f7afe"},
]
numpy = [
    {file = "numpy-1.19.0-cp36-cp36m-macosx_10_9_x86_64.whl", hash = "sha256:63d971bb211ad3ca37b2adecdd5365f40f3b741a455beecba70fd0dde8b2a4cb"},
    {file = "numpy-1.19.0-cp36-cp36m-manylinux1_i686.whl", hash = "sha256:b6aaeadf1e4866ca0fdf7bb4eed25e521ae21a7947c59f78154b24fc7abbe1dd"},
    {file = "numpy-1.19.0-cp36-cp36m-manylinux1_x86_64.whl", hash = "sha256:13af0184177469192d80db9bd02619f6fa8b922f9f327e077d6f2a6acb1ce1c0"},
    {file = "numpy-1.19.0-cp36-cp36m-manylinux2010_i686.whl", hash = "sha256:356f96c9fbec59974a592452ab6a036cd6f180822a60b529a975c9467fcd5f23"},
    {file = "numpy-1.19.0-cp36-cp36m-manylinux2010_x86_64.whl", hash = "sha256:fa1fe75b4a9e18b66ae7f0b122543c42debcf800aaafa0212aaff3ad273c2596"},
    {file = "numpy-1.19.0-cp36-cp36m-manylinux2014_aarch64.whl", hash = "sha256:cbe326f6d364375a8e5a8ccb7e9cd73f4b2f6dc3b2ed205633a0db8243e2a96a"},
    {file = "numpy-1.19.0-cp36-cp36m-win32.whl", hash = "sha256:a2e3a39f43f0ce95204beb8fe0831199542ccab1e0c6e486a0b4947256215632"},
    {file = "numpy-1.19.0-cp36-cp36m-win_amd64.whl", hash = "sha256:7b852817800eb02e109ae4a9cef2beda8dd50d98b76b6cfb7b5c0099d27b52d4"},
    {file = "numpy-1.19.0-cp37-cp37m-macosx_10_9_x86_64.whl", hash = "sha256:d97a86937cf9970453c3b62abb55a6475f173347b4cde7f8dcdb48c8e1b9952d"},
    {file = "numpy-1.19.0-cp37-cp37m-manylinux1_i686.whl", hash = "sha256:a86c962e211f37edd61d6e11bb4df7eddc4a519a38a856e20a6498c319efa6b0"},
    {file = "numpy-1.19.0-cp37-cp37m-manylinux1_x86_64.whl", hash = "sha256:d34fbb98ad0d6b563b95de852a284074514331e6b9da0a9fc894fb1cdae7a79e"},
    {file = "numpy-1.19.0-cp37-cp37m-manylinux2010_i686.whl", hash = "sha256:658624a11f6e1c252b2cd170d94bf28c8f9410acab9f2fd4369e11e1cd4e1aaf"},
    {file = "numpy-1.19.0-cp37-cp37m-manylinux2010_x86_64.whl", hash = "sha256:4d054f013a1983551254e2379385e359884e5af105e3efe00418977d02f634a7"},
    {file = "numpy-1.19.0-cp37-cp37m-manylinux2014_aarch64.whl", hash = "sha256:26a45798ca2a4e168d00de75d4a524abf5907949231512f372b217ede3429e98"},
    {file = "numpy-1.19.0-cp37-cp37m-win32.whl", hash = "sha256:3c40c827d36c6d1c3cf413694d7dc843d50997ebffbc7c87d888a203ed6403a7"},
    {file = "numpy-1.19.0-cp37-cp37m-win_amd64.whl", hash = "sha256:be62aeff8f2f054eff7725f502f6228298891fd648dc2630e03e44bf63e8cee0"},
    {file = "numpy-1.19.0-cp38-cp38-macosx_10_9_x86_64.whl", hash = "sha256:dd53d7c4a69e766e4900f29db5872f5824a06827d594427cf1a4aa542818b796"},
    {file = "numpy-1.19.0-cp38-cp38-manylinux1_i686.whl", hash = "sha256:30a59fb41bb6b8c465ab50d60a1b298d1cd7b85274e71f38af5a75d6c475d2d2"},
    {file = "numpy-1.19.0-cp38-cp38-manylinux1_x86_64.whl", hash = "sha256:df1889701e2dfd8ba4dc9b1a010f0a60950077fb5242bb92c8b5c7f1a6f2668a"},
    {file = "numpy-1.19.0-cp38-cp38-manylinux2010_i686.whl", hash = "sha256:33c623ef9ca5e19e05991f127c1be5aeb1ab5cdf30cb1c5cf3960752e58b599b"},
    {file = "numpy-1.19.0-cp38-cp38-manylinux2010_x86_64.whl", hash = "sha256:26f509450db547e4dfa3ec739419b31edad646d21fb8d0ed0734188b35ff6b27"},
    {file = "numpy-1.19.0-cp38-cp38-manylinux2014_aarch64.whl", hash = "sha256:7b57f26e5e6ee2f14f960db46bd58ffdca25ca06dd997729b1b179fddd35f5a3"},
    {file = "numpy-1.19.0-cp38-cp38-win32.whl", hash = "sha256:a8705c5073fe3fcc297fb8e0b31aa794e05af6a329e81b7ca4ffecab7f2b95ef"},
    {file = "numpy-1.19.0-cp38-cp38-win_amd64.whl", hash = "sha256:c2edbb783c841e36ca0fa159f0ae97a88ce8137fb3a6cd82eae77349ba4b607b"},
    {file = "numpy-1.19.0-pp36-pypy36_pp73-manylinux2010_x86_64.whl", hash = "sha256:8cde829f14bd38f6da7b2954be0f2837043e8b8d7a9110ec5e318ae6bf706610"},
    {file = "numpy-1.19.0.zip", hash = "sha256:76766cc80d6128750075378d3bb7812cf146415bd29b588616f72c943c00d598"},
]
pre-commit = [
    {file = "pre_commit-2.5.1-py2.py3-none-any.whl", hash = "sha256:c5c8fd4d0e1c363723aaf0a8f9cba0f434c160b48c4028f4bae6d219177945b3"},
    {file = "pre_commit-2.5.1.tar.gz", hash = "sha256:da463cf8f0e257f9af49047ba514f6b90dbd9b4f92f4c8847a3ccd36834874c7"},
]
pyparsing = [
    {file = "pyparsing-2.4.7-py2.py3-none-any.whl", hash = "sha256:ef9d7589ef3c200abe66653d3f1ab1033c3c419ae9b9bdb1240a85b024efc88b"},
    {file = "pyparsing-2.4.7.tar.gz", hash = "sha256:c203ec8783bf771a155b207279b9bccb8dea02d8f0c9e5f8ead507bc3246ecc1"},
]
python-dateutil = [
    {file = "python-dateutil-2.8.1.tar.gz", hash = "sha256:73ebfe9dbf22e832286dafa60473e4cd239f8592f699aa5adaf10050e6e1823c"},
    {file = "python_dateutil-2.8.1-py2.py3-none-any.whl", hash = "sha256:75bb3f31ea686f1197762692a9ee6a7550b59fc6ca3a1f4b5d7e32fb98e2da2a"},
]
pytz = [
    {file = "pytz-2020.1-py2.py3-none-any.whl", hash = "sha256:a494d53b6d39c3c6e44c3bec237336e14305e4f29bbf800b599253057fbb79ed"},
    {file = "pytz-2020.1.tar.gz", hash = "sha256:c35965d010ce31b23eeb663ed3cc8c906275d6be1a34393a1d73a41febf4a048"},
]
pyyaml = [
    {file = "PyYAML-5.3.1-cp27-cp27m-win32.whl", hash = "sha256:74809a57b329d6cc0fdccee6318f44b9b8649961fa73144a98735b0aaf029f1f"},
    {file = "PyYAML-5.3.1-cp27-cp27m-win_amd64.whl", hash = "sha256:240097ff019d7c70a4922b6869d8a86407758333f02203e0fc6ff79c5dcede76"},
    {file = "PyYAML-5.3.1-cp35-cp35m-win32.whl", hash = "sha256:4f4b913ca1a7319b33cfb1369e91e50354d6f07a135f3b901aca02aa95940bd2"},
    {file = "PyYAML-5.3.1-cp35-cp35m-win_amd64.whl", hash = "sha256:cc8955cfbfc7a115fa81d85284ee61147059a753344bc51098f3ccd69b0d7e0c"},
    {file = "PyYAML-5.3.1-cp36-cp36m-win32.whl", hash = "sha256:7739fc0fa8205b3ee8808aea45e968bc90082c10aef6ea95e855e10abf4a37b2"},
    {file = "PyYAML-5.3.1-cp36-cp36m-win_amd64.whl", hash = "sha256:69f00dca373f240f842b2931fb2c7e14ddbacd1397d57157a9b005a6a9942648"},
    {file = "PyYAML-5.3.1-cp37-cp37m-win32.whl", hash = "sha256:d13155f591e6fcc1ec3b30685d50bf0711574e2c0dfffd7644babf8b5102ca1a"},
    {file = "PyYAML-5.3.1-cp37-cp37m-win_amd64.whl", hash = "sha256:73f099454b799e05e5ab51423c7bcf361c58d3206fa7b0d555426b1f4d9a3eaf"},
    {file = "PyYAML-5.3.1-cp38-cp38-win32.whl", hash = "sha256:06a0d7ba600ce0b2d2fe2e78453a470b5a6e000a985dd4a4e54e436cc36b0e97"},
    {file = "PyYAML-5.3.1-cp38-cp38-win_amd64.whl", hash = "sha256:95f71d2af0ff4227885f7a6605c37fd53d3a106fcab511b8860ecca9fcf400ee"},
    {file = "PyYAML-5.3.1.tar.gz", hash = "sha256:b8eac752c5e14d3eca0e6dd9199cd627518cb5ec06add0de9d32baeee6fe645d"},
]
scipy = [
    {file = "scipy-1.5.0-cp36-cp36m-macosx_10_9_x86_64.whl", hash = "sha256:8f354e92246de33c44ddfc5fef61bce8c19d5aeeb2130b6a672b15db619453e4"},
    {file = "scipy-1.5.0-cp36-cp36m-manylinux1_i686.whl", hash = "sha256:244b4a23a8cb6707e19f5579502112954659bb983852b1c381243fe46d9b6818"},
    {file = "scipy-1.5.0-cp36-cp36m-manylinux1_x86_64.whl", hash = "sha256:d266d955c3fd12336c948abb368de230bf8dc20efad428abb908165d9c87f53f"},
    {file = "scipy-1.5.0-cp36-cp36m-win32.whl", hash = "sha256:11d8bfcea08e971968d07495bdf1de37b3b1bb5ca78e4ddbe8d60791f0456942"},
    {file = "scipy-1.5.0-cp36-cp36m-win_amd64.whl", hash = "sha256:eb48915142f2dbd4b84df8ca66e433946df1a13eff36015c2b7843aa39dbc30d"},
    {file = "scipy-1.5.0-cp37-cp37m-macosx_10_9_x86_64.whl", hash = "sha256:ae24f16056c87e7f086a56a7aaf6e65e4626ac70b7e08d7f54e078693abcf778"},
    {file = "scipy-1.5.0-cp37-cp37m-manylinux1_i686.whl", hash = "sha256:1b23129e9838694c36475b296ac251ae0b0247455352f2bed0b246c30b61c822"},
    {file = "scipy-1.5.0-cp37-cp37m-manylinux1_x86_64.whl", hash = "sha256:69eb6245ff472db406c3e9b3e13bd0dc6e2ff48e7e758a7bfca296ecdb1ae8b9"},
    {file = "scipy-1.5.0-cp37-cp37m-win32.whl", hash = "sha256:38cdb4eafe727b324f295ab69eaa0788a8eefe08d59360968928753ab7f68ba9"},
    {file = "scipy-1.5.0-cp37-cp37m-win_amd64.whl", hash = "sha256:f662ad49ef930325161bd5edac39932c3f1b55547eaa0afce08367522f6314df"},
    {file = "scipy-1.5.0-cp38-cp38-macosx_10_9_x86_64.whl", hash = "sha256:40969696eb13c2f1b6fc8e99ce597a47627f0167a7feb6086c2ccdfb55835cfc"},
    {file = "scipy-1.5.0-cp38-cp38-manylinux1_i686.whl", hash = "sha256:0f62f3be924a4314cf2384c6f77d3a0e3bf4ada370530a7d0a6d5a61192bec9e"},
    {file = "scipy-1.5.0-cp38-cp38-manylinux1_x86_64.whl", hash = "sha256:4e1a790fdf82a67619a38f017105df4bb66dfcdaea45df793ece27fd534720c2"},
    {file = "scipy-1.5.0-cp38-cp38-win32.whl", hash = "sha256:2e99f50d0061c385f8f46c5a99bb07ad013ec2dcf95ccba3be4e081594e7ab19"},
    {file = "scipy-1.5.0-cp38-cp38-win_amd64.whl", hash = "sha256:2aec0f81a29440e0c000222ac0447748a840d328b5698dd900ece4113bca5cde"},
    {file = "scipy-1.5.0.tar.gz", hash = "sha256:4ff72877d19b295ee7f7727615ea8238f2d59159df0bdd98f91754be4a2767f0"},
]
sentry-sdk = [
    {file = "sentry-sdk-0.15.1.tar.gz", hash = "sha256:3ac0c430761b3cb7682ce612151d829f8644bb3830d4e530c75b02ceb745ff49"},
    {file = "sentry_sdk-0.15.1-py2.py3-none-any.whl", hash = "sha256:06825c15a78934e78941ea25910db71314c891608a46492fc32c15902c6b2119"},
]
setuptools-scm = [
    {file = "setuptools_scm-4.1.2-py2.7.egg", hash = "sha256:b42c150c34d6120babf3646abd7513e032be2e230b3d2034f27404c65aa0c977"},
    {file = "setuptools_scm-4.1.2-py2.py3-none-any.whl", hash = "sha256:69258e2eeba5f7ce1ed7a5f109519580fa3578250f8e4d6684859f86d1b15826"},
    {file = "setuptools_scm-4.1.2-py3.5.egg", hash = "sha256:09c659d1d6680811c43f476a33c6d3d9872416580786e96bd29ea03e6a818e41"},
    {file = "setuptools_scm-4.1.2-py3.6.egg", hash = "sha256:731550a27e3901ee501c3bf99140b5436b8eeba341a9d19911cf364b8d573293"},
    {file = "setuptools_scm-4.1.2-py3.7.egg", hash = "sha256:efc928d6a64162c88cdc85fa4b84adfbd6dbf9f9b04319bc495eb16dcfaae00a"},
    {file = "setuptools_scm-4.1.2-py3.8.egg", hash = "sha256:eaaec16b7af25c5f532b5af2332213bb6223d15cca4518f6dbc4c055641c86fd"},
    {file = "setuptools_scm-4.1.2-py3.9.egg", hash = "sha256:892e63b4983f9e30f9e8bf89ad03d2a02a47e6e5ced09b03ae6fe952ade8a579"},
    {file = "setuptools_scm-4.1.2.tar.gz", hash = "sha256:a8994582e716ec690f33fec70cca0f85bd23ec974e3f783233e4879090a7faa8"},
]
six = [
    {file = "six-1.15.0-py2.py3-none-any.whl", hash = "sha256:8b74bedcbbbaca38ff6d7491d76f2b06b3592611af620f8426e82dddb04a5ced"},
    {file = "six-1.15.0.tar.gz", hash = "sha256:30639c035cdb23534cd4aa2dd52c3bf48f06e5f4a941509c8bafd8ce11080259"},
]
sqlparse = [
    {file = "sqlparse-0.3.1-py2.py3-none-any.whl", hash = "sha256:022fb9c87b524d1f7862b3037e541f68597a730a8843245c349fc93e1643dc4e"},
    {file = "sqlparse-0.3.1.tar.gz", hash = "sha256:e162203737712307dfe78860cc56c8da8a852ab2ee33750e33aeadf38d12c548"},
]
sympy = [
    {file = "sympy-1.6-py3-none-any.whl", hash = "sha256:7af1e11e9fcb72362c47a481dc010e518cfcb60a594d1ee8bd268f86ea7d6cbf"},
    {file = "sympy-1.6.tar.gz", hash = "sha256:9769e3d2952e211b1245f1d0dfdbfbdde1f7779a3953832b7dd2b88a21ca6cc6"},
]
toml = [
    {file = "toml-0.10.1-py2.py3-none-any.whl", hash = "sha256:bda89d5935c2eac546d648028b9901107a595863cb36bae0c73ac804a9b4ce88"},
    {file = "toml-0.10.1.tar.gz", hash = "sha256:926b612be1e5ce0634a2ca03470f95169cf16f939018233a670519cb4ac58b0f"},
]
urllib3 = [
    {file = "urllib3-1.25.9-py2.py3-none-any.whl", hash = "sha256:88206b0eb87e6d677d424843ac5209e3fb9d0190d0ee169599165ec25e9d9115"},
    {file = "urllib3-1.25.9.tar.gz", hash = "sha256:3018294ebefce6572a474f0604c2021e33b3fd8006ecd11d62107a5d2a963527"},
]
virtualenv = [
    {file = "virtualenv-20.0.25-py2.py3-none-any.whl", hash = "sha256:ffffcb3c78a671bb3d590ac3bc67c081ea2188befeeb058870cba13e7f82911b"},
    {file = "virtualenv-20.0.25.tar.gz", hash = "sha256:f332ba0b2dfbac9f6b1da9f11224f0036b05cdb4df23b228527c2a2d5504aeed"},
]
