[[package]]
category = "main"
description = "ASGI specs, helper code, and adapters"
name = "asgiref"
optional = false
python-versions = ">=3.7"
version = "3.5.2"

[package.extras]
tests = ["pytest", "pytest-asyncio", "mypy (>=0.800)"]

[[package]]
category = "main"
description = "Astronomy and astrophysics core library"
name = "astropy"
optional = false
python-versions = ">=3.8"
version = "5.1"

[package.dependencies]
PyYAML = ">=3.13"
numpy = ">=1.18"
packaging = ">=19.0"
pyerfa = ">=2.0"

[package.extras]
all = ["scipy (>=1.3)", "matplotlib (>=3.1,<3.4.0 || >3.4.0,<3.5.2 || >3.5.2)", "certifi", "dask", "h5py", "pyarrow (>=5.0.0)", "beautifulsoup4", "html5lib", "bleach", "pandas", "sortedcontainers", "pytz", "jplephem", "mpmath", "asdf (>=2.10.0)", "bottleneck", "ipython (>=4.2)", "pytest (>=7.0)", "typing-extensions (>=3.10.0.1)"]
docs = ["sphinx (<4)", "sphinx-astropy (>=1.6)", "pytest (>=7.0)", "scipy (>=1.3)", "matplotlib (>=3.1,<3.4.0 || >3.4.0,<3.5.2 || >3.5.2)", "sphinx-changelog (>=1.1.0)", "Jinja2 (<3.1)"]
recommended = ["scipy (>=1.3)", "matplotlib (>=3.1,<3.4.0 || >3.4.0,<3.5.2 || >3.5.2)"]
test = ["pytest (>=7.0)", "pytest-doctestplus (>=0.12)", "pytest-astropy-header (>=0.2.1)", "pytest-astropy (>=0.10)", "pytest-xdist"]
test_all = ["pytest (>=7.0)", "pytest-doctestplus (>=0.12)", "pytest-astropy-header (>=0.2.1)", "pytest-astropy (>=0.9)", "pytest-xdist", "objgraph", "ipython (>=4.2)", "coverage", "skyfield (>=1.20)", "sgp4 (>=2.3)"]

[[package]]
category = "main"
description = "A decorator for caching properties in classes."
name = "cached-property"
optional = false
python-versions = "*"
version = "1.5.2"

[[package]]
category = "main"
description = "Code for Anisotropies in the Microwave Background"
name = "camb"
optional = false
python-versions = ">=3.6"
version = "1.3.5"

[package.dependencies]
scipy = ">=1.0"
sympy = ">=1.0"

[[package]]
category = "main"
description = "Python package for providing Mozilla's CA Bundle."
name = "certifi"
optional = false
python-versions = ">=3.6"
version = "2022.6.15"

[[package]]
category = "dev"
description = "Validate configuration and produce human readable error messages."
name = "cfgv"
optional = false
python-versions = ">=3.6.1"
version = "3.3.1"

[[package]]
category = "main"
description = "Composable command line interface toolkit"
name = "click"
optional = false
python-versions = ">=3.7"
version = "8.1.3"

[package.dependencies]
colorama = "*"

[[package]]
category = "main"
description = "Cross-platform colored terminal text."
marker = "platform_system == \"Windows\""
name = "colorama"
optional = false
python-versions = ">=2.7, !=3.0.*, !=3.1.*, !=3.2.*, !=3.3.*, !=3.4.*"
version = "0.4.5"

[[package]]
category = "main"
description = "Cosmology, halo, and large-scale structure tools"
name = "colossus"
optional = false
python-versions = "*"
version = "1.3.0"

[[package]]
category = "main"
description = "Python parser for the CommonMark Markdown spec"
name = "commonmark"
optional = false
python-versions = "*"
version = "0.9.1"

[package.extras]
test = ["flake8 (3.7.8)", "hypothesis (3.55.3)"]

[[package]]
category = "main"
description = "Composable style cycles"
name = "cycler"
optional = false
python-versions = ">=3.6"
version = "0.11.0"

[[package]]
category = "main"
description = "A library to handle automated deprecations"
name = "deprecation"
optional = false
python-versions = "*"
version = "2.1.0"

[package.dependencies]
packaging = "*"

[[package]]
category = "main"
description = "serialize all of python"
name = "dill"
optional = false
python-versions = ">=2.7, !=3.0.*, !=3.1.*, !=3.2.*, !=3.3.*, !=3.4.*, !=3.5.*, !=3.6.*"
version = "0.3.5.1"

[package.extras]
graph = ["objgraph (>=1.7.2)"]

[[package]]
category = "dev"
description = "Distribution utilities"
name = "distlib"
optional = false
python-versions = "*"
version = "0.3.5"

[[package]]
category = "main"
description = "A high-level Python Web framework that encourages rapid development and clean, pragmatic design."
name = "django"
optional = false
python-versions = ">=3.6"
version = "3.2.14"

[package.dependencies]
asgiref = ">=3.3.2,<4"
pytz = "*"
sqlparse = ">=0.2.2"

[package.extras]
argon2 = ["argon2-cffi (>=19.1.0)"]
bcrypt = ["bcrypt"]

[[package]]
category = "main"
description = "Analytics service integration for Django projects"
name = "django-analytical"
optional = false
python-versions = "*"
version = "2.6.0"

[[package]]
category = "main"
description = "A Django plugin for creating AJAX driven forms in Bootstrap modal."
name = "django-bootstrap-modal-forms"
optional = false
python-versions = "*"
version = "2.2.0"

[package.dependencies]
Django = ">=1.8"

[[package]]
category = "main"
description = "Best way to have Django DRY forms"
name = "django-crispy-forms"
optional = false
python-versions = ">=3.7"
version = "1.14.0"

[[package]]
category = "main"
description = "A configurable set of panels that display various debug information about the current request/response."
name = "django-debug-toolbar"
optional = false
python-versions = ">=3.5"
version = "2.2.1"

[package.dependencies]
Django = ">=1.11"
sqlparse = ">=0.2.0"

[[package]]
category = "main"
description = "Django-environ allows you to utilize 12factor inspired environment variables to configure your Django application."
name = "django-environ"
optional = false
python-versions = "*"
version = "0.4.5"

[[package]]
category = "main"
description = "Extensions for Django"
name = "django-extensions"
optional = false
python-versions = ">=3.6"
version = "3.2.0"

[package.dependencies]
Django = ">=3.2"

[[package]]
category = "main"
description = "A range-slider field for django , using jquery-ui"
name = "django-range-slider"
optional = false
python-versions = "*"
version = "0.2.4"

[[package]]
category = "main"
description = "A library that enables you to easily build your own tab navigation based on class based views."
name = "django-tabination"
optional = false
python-versions = "*"
version = "0.4.0"

[[package]]
category = "dev"
description = "A platform independent file lock."
name = "filelock"
optional = false
python-versions = ">=3.7"
version = "3.7.1"

[package.extras]
docs = ["furo (>=2021.8.17b43)", "sphinx (>=4.1)", "sphinx-autodoc-typehints (>=1.12)"]
testing = ["covdefaults (>=1.2.0)", "coverage (>=4)", "pytest (>=4)", "pytest-cov", "pytest-timeout (>=1.4.2)"]

[[package]]
category = "main"
description = "Tools to manipulate font files"
name = "fonttools"
optional = false
python-versions = ">=3.7"
version = "4.34.4"

[package.extras]
all = ["fs (>=2.2.0,<3)", "lxml (>=4.0,<5)", "zopfli (>=0.1.4)", "lz4 (>=1.7.4.2)", "matplotlib", "sympy", "skia-pathops (>=0.5.0)", "uharfbuzz (>=0.23.0)", "brotlicffi (>=0.8.0)", "scipy", "brotli (>=1.0.1)", "munkres", "unicodedata2 (>=14.0.0)", "xattr"]
graphite = ["lz4 (>=1.7.4.2)"]
interpolatable = ["scipy", "munkres"]
lxml = ["lxml (>=4.0,<5)"]
pathops = ["skia-pathops (>=0.5.0)"]
plot = ["matplotlib"]
repacker = ["uharfbuzz (>=0.23.0)"]
symfont = ["sympy"]
type1 = ["xattr"]
ufo = ["fs (>=2.2.0,<3)"]
unicode = ["unicodedata2 (>=14.0.0)"]
woff = ["zopfli (>=0.1.4)", "brotlicffi (>=0.8.0)", "brotli (>=1.0.1)"]

[[package]]
category = "main"
description = "WSGI HTTP Server for UNIX"
name = "gunicorn"
optional = false
python-versions = ">=3.5"
version = "20.1.0"

[package.dependencies]
setuptools = ">=3.0"

[package.extras]
eventlet = ["eventlet (>=0.24.1)"]
gevent = ["gevent (>=1.4.0)"]
setproctitle = ["setproctitle"]
tornado = ["tornado (>=0.2)"]

[[package]]
category = "main"
description = "A Halo Model calculator built on hmf"
name = "halomod"
optional = false
python-versions = "*"
version = "2.1.0"

[package.dependencies]
cached-property = "*"
colossus = "*"
hankel = "*"
hmf = ">=3.3.4"
mpmath = "*"
numpy = "*"
scipy = "*"

[package.extras]
all = ["camb (>1.0.0)"]
dev = ["Sphinx (>=1.7.5)", "numpydoc (>=0.8.0)", "nbsphinx", "coverage (>=4.5.1)", "pytest (>=3.5.1)", "pytest-cov (>=2.5.1)", "pytest-plt", "pre-commit", "mpmath (>=1.0.0)", "numba"]
docs = ["Sphinx (>=1.7.5)", "numpydoc (>=0.8.0)", "nbsphinx"]
tests = ["coverage (>=4.5.1)", "pytest (>=3.5.1)", "pytest-cov (>=2.5.1)", "pytest-plt", "pre-commit", "mpmath (>=1.0.0)", "numba"]

[[package]]
category = "main"
description = "Hankel Transformations using method of Ogata 2005"
name = "hankel"
optional = false
python-versions = ">=3.6"
version = "1.2.1"

[package.dependencies]
mpmath = ">=1.0.0"
numpy = ">=1.9.3"
scipy = ">=0.16.1"

[package.extras]
dev = ["ipykernel", "nbsphinx", "numpydoc", "pandoc", "pre-commit", "pytest", "pytest-cov", "sphinx (>=2.0)", "sphinx-rtd-theme"]
docs = ["ipykernel", "nbsphinx", "numpydoc", "pandoc", "sphinx (>=2.0)", "sphinx-rtd-theme"]
tests = ["pre-commit", "pytest", "pytest-cov"]

[[package]]
category = "main"
description = "A halo mass function calculator"
name = "hmf"
optional = false
python-versions = "*"
version = "3.4.2"

[package.dependencies]
astropy = ">=1.1"
click = "*"
deprecation = "*"
numpy = ">=1.6.2"
rich = "*"
scipy = ">=0.12.0"
toml = ">=0.10.1"

[package.extras]
all = ["camb (>=1.0.0)", "colossus (>=1.2.1)", "emcee (>=3.0)"]
cosmo = ["colossus (>=1.2.1)"]
dev = ["Sphinx (>=1.7.5)", "numpydoc (>=0.8.0)", "nbsphinx", "coverage (>=4.5.1)", "pytest (>=3.5.1)", "pytest-cov (>=2.5.1)", "pre-commit", "mpmath (>=1.0.0)", "colossus (>=1.2.16)", "halomod (1.4.6.dev58)", "bump2version"]
docs = ["Sphinx (>=1.7.5)", "numpydoc (>=0.8.0)", "nbsphinx"]
fit = ["emcee (>=3.0)"]
tests = ["coverage (>=4.5.1)", "pytest (>=3.5.1)", "pytest-cov (>=2.5.1)", "pre-commit", "mpmath (>=1.0.0)", "colossus (>=1.2.1)", "halomod (1.4.6.dev58)"]

[[package]]
category = "dev"
description = "File identification library for Python"
name = "identify"
optional = false
python-versions = ">=3.7"
version = "2.5.1"

[package.extras]
license = ["ukkonen"]

[[package]]
category = "main"
description = "A fast implementation of the Cassowary constraint solver"
name = "kiwisolver"
optional = false
python-versions = ">=3.7"
version = "1.4.3"

[[package]]
category = "main"
description = "lightweight wrapper around basic LLVM functionality"
name = "llvmlite"
optional = false
python-versions = "*"
version = "0.26.0"

[[package]]
category = "main"
description = "Python plotting package"
name = "matplotlib"
optional = false
python-versions = ">=3.7"
version = "3.5.2"

[package.dependencies]
cycler = ">=0.10"
fonttools = ">=4.22.0"
kiwisolver = ">=1.0.1"
numpy = ">=1.17"
packaging = ">=20.0"
pillow = ">=6.2.0"
pyparsing = ">=2.2.1"
python-dateutil = ">=2.7"
setuptools_scm = ">=4"

[[package]]
category = "main"
description = "Python library for arbitrary-precision floating-point arithmetic"
name = "mpmath"
optional = false
python-versions = "*"
version = "1.2.1"

[package.extras]
develop = ["pytest (>=4.6)", "pycodestyle", "pytest-cov", "codecov", "wheel"]
tests = ["pytest (>=4.6)"]

[[package]]
category = "dev"
description = "Node.js virtual environment builder"
name = "nodeenv"
optional = false
python-versions = ">=2.7,!=3.0.*,!=3.1.*,!=3.2.*,!=3.3.*,!=3.4.*,!=3.5.*,!=3.6.*"
version = "1.7.0"

[package.dependencies]
setuptools = "*"

[[package]]
category = "main"
description = "NumPy is the fundamental package for array computing with Python."
name = "numpy"
optional = false
python-versions = ">=3.8"
version = "1.23.1"

[[package]]
category = "main"
description = "Core utilities for Python packages"
name = "packaging"
optional = false
python-versions = ">=3.6"
version = "21.3"

[package.dependencies]
pyparsing = ">=2.0.2,<3.0.5 || >3.0.5"

[[package]]
category = "main"
description = "Python Imaging Library (Fork)"
name = "pillow"
optional = false
python-versions = ">=3.7"
version = "9.2.0"

[package.extras]
docs = ["furo", "olefile", "sphinx (>=2.4)", "sphinx-copybutton", "sphinx-issues (>=3.0.1)", "sphinx-removed-in", "sphinxext-opengraph"]
tests = ["check-manifest", "coverage", "defusedxml", "markdown2", "olefile", "packaging", "pyroma", "pytest", "pytest-cov", "pytest-timeout"]

[[package]]
category = "dev"
description = "A small Python module for determining appropriate platform-specific dirs, e.g. a \"user data dir\"."
name = "platformdirs"
optional = false
python-versions = ">=3.7"
version = "2.5.2"

[package.extras]
docs = ["furo (>=2021.7.5b38)", "proselint (>=0.10.2)", "sphinx-autodoc-typehints (>=1.12)", "sphinx (>=4)"]
test = ["appdirs (1.4.4)", "pytest-cov (>=2.7)", "pytest-mock (>=3.6)", "pytest (>=6)"]

[[package]]
category = "dev"
description = "A framework for managing and maintaining multi-language pre-commit hooks."
name = "pre-commit"
optional = false
python-versions = ">=3.7"
version = "2.20.0"

[package.dependencies]
cfgv = ">=2.0.0"
identify = ">=1.0.0"
nodeenv = ">=0.11.1"
pyyaml = ">=5.1"
toml = "*"
virtualenv = ">=20.0.8"

[[package]]
category = "main"
description = "Python bindings for ERFA"
name = "pyerfa"
optional = false
python-versions = ">=3.7"
version = "2.0.0.1"

[package.dependencies]
numpy = ">=1.17"

[package.extras]
docs = ["sphinx-astropy (>=1.3)"]
test = ["pytest", "pytest-doctestplus (>=0.7)"]

[[package]]
category = "main"
description = "Pygments is a syntax highlighting package written in Python."
name = "pygments"
optional = false
python-versions = ">=3.6"
version = "2.12.0"

[[package]]
category = "main"
description = "pyparsing module - Classes and methods to define and execute parsing grammars"
name = "pyparsing"
optional = false
python-versions = ">=3.6.8"
version = "3.0.9"

[package.extras]
diagrams = ["railroad-diagrams", "jinja2"]

[[package]]
category = "main"
description = "Extensions to the standard Python datetime module"
name = "python-dateutil"
optional = false
python-versions = "!=3.0.*,!=3.1.*,!=3.2.*,>=2.7"
version = "2.8.2"

[package.dependencies]
six = ">=1.5"

[[package]]
category = "main"
description = "World timezone definitions, modern and historical"
name = "pytz"
optional = false
python-versions = "*"
version = "2022.1"

[[package]]
category = "main"
description = "YAML parser and emitter for Python"
name = "pyyaml"
optional = false
python-versions = ">=3.6"
version = "6.0"

[[package]]
category = "main"
description = "Render rich text, tables, progress bars, syntax highlighting, markdown and more to the terminal"
name = "rich"
optional = false
python-versions = ">=3.6.3,<4.0.0"
version = "12.5.1"

[package.dependencies]
commonmark = ">=0.9.0,<0.10.0"
pygments = ">=2.6.0,<3.0.0"

[package.dependencies.typing-extensions]
python = "<3.9"
version = ">=4.0.0,<5.0"

[package.extras]
jupyter = ["ipywidgets (>=7.5.1,<8.0.0)"]

[[package]]
category = "main"
description = "SciPy: Scientific Library for Python"
name = "scipy"
optional = false
python-versions = ">=3.7"
version = "1.6.1"

[package.dependencies]
numpy = ">=1.16.5"

[[package]]
category = "main"
description = "Python client for Sentry (https://getsentry.com)"
name = "sentry-sdk"
optional = false
python-versions = "*"
version = "0.15.1"

[package.dependencies]
certifi = "*"
urllib3 = ">=1.10.0"

[package.extras]
aiohttp = ["aiohttp (>=3.5)"]
beam = ["beam (>=2.12)"]
bottle = ["bottle (>=0.12.13)"]
celery = ["celery (>=3)"]
django = ["django (>=1.8)"]
falcon = ["falcon (>=1.4)"]
flask = ["flask (>=0.11)", "blinker (>=1.1)"]
pyspark = ["pyspark (>=2.4.4)"]
rq = ["rq (>=0.6)"]
sanic = ["sanic (>=0.8)"]
sqlalchemy = ["sqlalchemy (>=1.2)"]
tornado = ["tornado (>=5)"]

[[package]]
category = "main"
description = "the blessed package to manage your versions by scm tags"
name = "setuptools-scm"
optional = false
python-versions = "!=3.0.*,!=3.1.*,!=3.2.*,!=3.3.*,!=3.4.*,>=2.7"
version = "4.1.2"

[package.dependencies]
setuptools = "*"

[package.extras]
toml = ["toml"]

[[package]]
category = "main"
description = "Python 2 and 3 compatibility utilities"
name = "six"
optional = false
python-versions = ">=2.7, !=3.0.*, !=3.1.*, !=3.2.*"
version = "1.16.0"

[[package]]
category = "main"
description = "A non-validating SQL parser."
name = "sqlparse"
optional = false
python-versions = ">=3.5"
version = "0.4.2"

[[package]]
category = "main"
description = "Computer algebra system (CAS) in Python"
name = "sympy"
optional = false
python-versions = ">=3.7"
version = "1.10.1"

[package.dependencies]
mpmath = ">=0.19"

[[package]]
category = "main"
description = "Python Library for Tom's Obvious, Minimal Language"
name = "toml"
optional = false
python-versions = ">=2.6, !=3.0.*, !=3.1.*, !=3.2.*"
version = "0.10.2"

[[package]]
category = "main"
description = "Backported and Experimental Type Hints for Python 3.7+"
marker = "python_version < \"3.9\""
name = "typing-extensions"
optional = false
python-versions = ">=3.7"
version = "4.3.0"

[[package]]
category = "main"
description = "HTTP library with thread-safe connection pooling, file post, and more."
name = "urllib3"
optional = false
python-versions = ">=2.7, !=3.0.*, !=3.1.*, !=3.2.*, !=3.3.*, !=3.4.*, !=3.5.*, <4"
version = "1.26.10"

[package.extras]
brotli = ["brotlicffi (>=0.8.0)", "brotli (>=1.0.9)", "brotlipy (>=0.6.0)"]
secure = ["pyOpenSSL (>=0.14)", "cryptography (>=1.3.4)", "idna (>=2.0.0)", "certifi", "ipaddress"]
socks = ["PySocks (>=1.5.6,<1.5.7 || >1.5.7,<2.0)"]

[[package]]
category = "dev"
description = "Virtual Python Environment builder"
name = "virtualenv"
optional = false
python-versions = "!=3.0.*,!=3.1.*,!=3.2.*,!=3.3.*,!=3.4.*,>=2.7"
version = "20.15.1"

[package.dependencies]
distlib = ">=0.3.1,<1"
filelock = ">=3.2,<4"
platformdirs = ">=2,<3"
six = ">=1.9.0,<2"

[package.extras]
docs = ["proselint (>=0.10.2)", "sphinx (>=3)", "sphinx-argparse (>=0.2.5)", "sphinx-rtd-theme (>=0.4.3)", "towncrier (>=21.3)"]
testing = ["coverage (>=4)", "coverage-enable-subprocess (>=1)", "flaky (>=3)", "pytest (>=4)", "pytest-env (>=0.6.2)", "pytest-freezegun (>=0.4.1)", "pytest-mock (>=2)", "pytest-randomly (>=1)", "pytest-timeout (>=1)", "packaging (>=20.0)"]

[[package]]
category = "main"
description = "The comprehensive WSGI web application library."
name = "werkzeug"
optional = false
python-versions = ">=2.7, !=3.0.*, !=3.1.*, !=3.2.*, !=3.3.*, !=3.4.*"
version = "1.0.1"

[package.extras]
dev = ["pytest", "pytest-timeout", "coverage", "tox", "sphinx", "pallets-sphinx-themes", "sphinx-issues"]
watchdog = ["watchdog"]

[[package]]
category = "main"
description = "Radically simplified static file serving for WSGI applications"
name = "whitenoise"
optional = false
python-versions = ">=3.5, <4"
version = "5.3.0"

[package.extras]
brotli = ["brotli"]

[metadata]
content-hash = "100ae56cfa4bc303b4c49dfa70486c876169d19a3f0d86155588db53ffaa185e"
lock-version = "1.0"
python-versions = "^3.8"

[metadata.files]
asgiref = []
astropy = []
cached-property = []
camb = []
certifi = []
cfgv = []
click = []
colorama = []
colossus = []
commonmark = []
cycler = []
deprecation = []
dill = []
distlib = []
django = []
django-analytical = []
django-bootstrap-modal-forms = []
django-crispy-forms = []
django-debug-toolbar = []
django-environ = []
django-extensions = []
django-range-slider = []
django-tabination = []
filelock = []
fonttools = []
gunicorn = []
halomod = []
hankel = []
hmf = []
identify = []
kiwisolver = []
llvmlite = []
matplotlib = []
mpmath = []
nodeenv = []
numpy = []
packaging = []
pillow = []
platformdirs = []
pre-commit = []
pyerfa = []
pygments = []
pyparsing = []
python-dateutil = []
pytz = []
pyyaml = []
rich = []
scipy = []
sentry-sdk = []
setuptools-scm = []
six = []
sqlparse = []
sympy = []
toml = []
typing-extensions = []
urllib3 = []
virtualenv = []
werkzeug = []
whitenoise = []
