[[package]]
category = "dev"
description = "A small Python module for determining appropriate platform-specific dirs, e.g. a \"user data dir\"."
name = "appdirs"
optional = false
python-versions = "*"
version = "1.4.4"

[[package]]
category = "main"
description = "ASGI specs, helper code, and adapters"
name = "asgiref"
optional = false
python-versions = ">=3.5"
version = "3.2.10"

[package.extras]
tests = ["pytest", "pytest-asyncio"]

[[package]]
category = "main"
description = "Community-developed python astronomy tools"
name = "astropy"
optional = false
python-versions = ">=3.6"
version = "4.0.1.post1"

[package.extras]
docs = ["sphinx-astropy"]

[[package]]
category = "main"
description = "A decorator for caching properties in classes."
name = "cached-property"
optional = false
python-versions = "*"
version = "1.5.1"

[[package]]
category = "main"
description = "Code for Anisotropies in the Microwave Background"
name = "camb"
optional = false
python-versions = ">=3.6"
version = "1.1.3"

[package.dependencies]
scipy = ">=1.0"
sympy = ">=1.0"

[[package]]
category = "main"
description = "Python package for providing Mozilla's CA Bundle."
name = "certifi"
optional = false
python-versions = "*"
version = "2020.6.20"

[[package]]
category = "dev"
description = "Validate configuration and produce human readable error messages."
name = "cfgv"
optional = false
python-versions = ">=3.6.1"
version = "3.1.0"

[[package]]
category = "main"
description = "Cosmology, halo, and large-scale structure tools"
name = "colossus"
optional = false
python-versions = "*"
version = "1.2.16"

[[package]]
category = "main"
description = "Composable style cycles"
name = "cycler"
optional = false
python-versions = "*"
version = "0.10.0"

[package.dependencies]
six = "*"

[[package]]
category = "main"
description = "A library to handle automated deprecations"
name = "deprecation"
optional = false
python-versions = "*"
version = "2.1.0"

[package.dependencies]
packaging = "*"

[[package]]
category = "main"
description = "serialize all of python"
name = "dill"
optional = false
python-versions = ">=2.6, !=3.0.*"
version = "0.3.2"

[package.extras]
graph = ["objgraph (>=1.7.2)"]

[[package]]
category = "dev"
description = "Distribution utilities"
name = "distlib"
optional = false
python-versions = "*"
version = "0.3.1"

[[package]]
category = "main"
description = "A high-level Python Web framework that encourages rapid development and clean, pragmatic design."
name = "django"
optional = false
python-versions = ">=3.6"
version = "3.0.8"

[package.dependencies]
asgiref = ">=3.2,<4.0"
pytz = "*"
sqlparse = ">=0.2.2"

[package.extras]
argon2 = ["argon2-cffi (>=16.1.0)"]
bcrypt = ["bcrypt"]

[[package]]
category = "main"
description = "Analytics service integration for Django projects"
name = "django-analytical"
optional = false
python-versions = "*"
version = "2.6.0"

[[package]]
category = "main"
description = "Best way to have Django DRY forms"
name = "django-crispy-forms"
optional = false
python-versions = ">=3.5"
version = "1.9.2"

[[package]]
category = "main"
description = "A configurable set of panels that display various debug information about the current request/response."
name = "django-debug-toolbar"
optional = false
python-versions = ">=3.5"
version = "2.2"

[package.dependencies]
Django = ">=1.11"
sqlparse = ">=0.2.0"

[[package]]
category = "main"
description = "Django-environ allows you to utilize 12factor inspired environment variables to configure your Django application."
name = "django-environ"
optional = false
python-versions = "*"
version = "0.4.5"

[[package]]
category = "main"
description = "Extensions for Django"
name = "django-extensions"
optional = false
python-versions = ">=3.5"
version = "3.0.4"

[[package]]
category = "main"
description = "A range-slider field for django , using jquery-ui"
name = "django-range-slider"
optional = false
python-versions = "*"
version = "0.2.4"

[[package]]
category = "main"
description = "A library that enables you to easily build your own tab navigation based on class based views."
name = "django-tabination"
optional = false
python-versions = "*"
version = "0.4.0"

[[package]]
category = "dev"
description = "A platform independent file lock."
name = "filelock"
optional = false
python-versions = "*"
version = "3.0.12"

[[package]]
category = "main"
description = "WSGI HTTP Server for UNIX"
name = "gunicorn"
optional = false
python-versions = ">=3.4"
version = "20.0.4"

[package.dependencies]
setuptools = ">=3.0"

[package.extras]
eventlet = ["eventlet (>=0.9.7)"]
gevent = ["gevent (>=0.13)"]
setproctitle = ["setproctitle"]
tornado = ["tornado (>=0.2)"]

[[package]]
category = "main"
description = "A Halo Model calculator built on hmf"
name = "halomod"
optional = false
python-versions = "*"
version = "1.5.0"

[package.dependencies]
cached-property = "*"
colossus = "*"
hankel = "*"
hmf = "*"
mpmath = "*"
numpy = "*"
scipy = "*"

[package.extras]
dev = ["Sphinx (>=1.7.5)", "numpydoc (>=0.8.0)", "nbsphinx", "coverage (>=4.5.1)", "pytest (>=3.5.1)", "pytest-cov (>=2.5.1)", "pre-commit", "mpmath (>=1.0.0)", "numba"]
docs = ["Sphinx (>=1.7.5)", "numpydoc (>=0.8.0)", "nbsphinx"]
tests = ["coverage (>=4.5.1)", "pytest (>=3.5.1)", "pytest-cov (>=2.5.1)", "pre-commit", "mpmath (>=1.0.0)", "numba"]

[[package]]
category = "main"
description = "Hankel Transformations using method of Ogata 2005"
name = "hankel"
optional = false
python-versions = ">=3.5"
version = "1.1.0"

[package.dependencies]
mpmath = ">=1.0.0"
numpy = ">=1.9.3"
scipy = ">=0.16.1"

[package.extras]
dev = ["pre-commit", "pytest", "pytest-cov", "ipykernel", "nbsphinx", "numpydoc", "pandoc", "sphinx (>=2.0)", "sphinx-rtd-theme"]
docs = ["ipykernel", "nbsphinx", "numpydoc", "pandoc", "sphinx (>=2.0)", "sphinx-rtd-theme"]
tests = ["pre-commit", "pytest", "pytest-cov"]

[[package]]
category = "main"
description = "A halo mass function calculator"
name = "hmf"
optional = false
python-versions = "*"
version = "3.1.3"

[package.dependencies]
astropy = ">=1.1"
camb = ">=1.0.0"
deprecation = "*"
numpy = ">=1.6.2"
scipy = ">=0.12.0"

[package.extras]
cosmo = ["colossus (>=1.2.1)"]
dev = ["Sphinx (>=1.7.5)", "numpydoc (>=0.8.0)", "nbsphinx", "coverage (>=4.5.1)", "pytest (>=3.5.1)", "pytest-cov (>=2.5.1)", "pre-commit", "mpmath (>=1.0.0)", "colossus (>=1.2.16)", "halomod (1.4.6.dev58)"]
docs = ["Sphinx (>=1.7.5)", "numpydoc (>=0.8.0)", "nbsphinx"]
tests = ["coverage (>=4.5.1)", "pytest (>=3.5.1)", "pytest-cov (>=2.5.1)", "pre-commit", "mpmath (>=1.0.0)", "colossus (>=1.2.1)", "halomod (1.4.6.dev58)"]

[[package]]
category = "dev"
description = "File identification library for Python"
name = "identify"
optional = false
python-versions = "!=3.0.*,!=3.1.*,!=3.2.*,!=3.3.*,>=2.7"
version = "1.4.25"

[package.extras]
license = ["editdistance"]

[[package]]
category = "main"
description = "A fast implementation of the Cassowary constraint solver"
name = "kiwisolver"
optional = false
python-versions = ">=3.6"
version = "1.2.0"

[[package]]
category = "main"
description = "lightweight wrapper around basic LLVM functionality"
name = "llvmlite"
optional = false
python-versions = ">=3.6"
version = "0.33.0"

[[package]]
category = "main"
description = "Python plotting package"
name = "matplotlib"
optional = false
python-versions = ">=3.6"
version = "3.3.0"

[package.dependencies]
cycler = ">=0.10"
kiwisolver = ">=1.0.1"
numpy = ">=1.15"
pillow = ">=6.2.0"
pyparsing = ">=2.0.3,<2.0.4 || >2.0.4,<2.1.2 || >2.1.2,<2.1.6 || >2.1.6"
python-dateutil = ">=2.1"

[[package]]
category = "main"
description = "Python library for arbitrary-precision floating-point arithmetic"
name = "mpmath"
optional = false
python-versions = "*"
version = "1.1.0"

[[package]]
category = "dev"
description = "Node.js virtual environment builder"
name = "nodeenv"
optional = false
python-versions = "*"
version = "1.4.0"

[[package]]
category = "main"
description = "compiling Python code using LLVM"
name = "numba"
optional = false
python-versions = ">=3.6"
version = "0.50.1"

[package.dependencies]
llvmlite = ">=0.33.0.dev0,<0.34"
numpy = ">=1.15"
setuptools = "*"

[[package]]
category = "main"
description = "NumPy is the fundamental package for array computing with Python."
name = "numpy"
optional = false
python-versions = ">=3.6"
version = "1.19.1"

[[package]]
category = "main"
description = "Core utilities for Python packages"
name = "packaging"
optional = false
python-versions = ">=2.7, !=3.0.*, !=3.1.*, !=3.2.*, !=3.3.*"
version = "20.4"

[package.dependencies]
pyparsing = ">=2.0.2"
six = "*"

[[package]]
category = "main"
description = "Python Imaging Library (Fork)"
name = "pillow"
optional = false
python-versions = ">=3.5"
version = "7.2.0"

[[package]]
category = "dev"
description = "A framework for managing and maintaining multi-language pre-commit hooks."
name = "pre-commit"
optional = false
python-versions = ">=3.6.1"
version = "2.6.0"

[package.dependencies]
cfgv = ">=2.0.0"
identify = ">=1.0.0"
nodeenv = ">=0.11.1"
pyyaml = ">=5.1"
toml = "*"
virtualenv = ">=20.0.8"

[[package]]
category = "main"
description = "Python parsing module"
name = "pyparsing"
optional = false
python-versions = ">=2.6, !=3.0.*, !=3.1.*, !=3.2.*"
version = "2.4.7"

[[package]]
category = "main"
description = "Extensions to the standard Python datetime module"
name = "python-dateutil"
optional = false
python-versions = "!=3.0.*,!=3.1.*,!=3.2.*,>=2.7"
version = "2.8.1"

[package.dependencies]
six = ">=1.5"

[[package]]
category = "main"
description = "World timezone definitions, modern and historical"
name = "pytz"
optional = false
python-versions = "*"
version = "2020.1"

[[package]]
category = "dev"
description = "YAML parser and emitter for Python"
name = "pyyaml"
optional = false
python-versions = ">=2.7, !=3.0.*, !=3.1.*, !=3.2.*, !=3.3.*, !=3.4.*"
version = "5.3.1"

[[package]]
category = "main"
description = "SciPy: Scientific Library for Python"
name = "scipy"
optional = false
python-versions = ">=3.6"
version = "1.5.2"

[package.dependencies]
numpy = ">=1.14.5"

[[package]]
category = "main"
description = "Python client for Sentry (https://getsentry.com)"
name = "sentry-sdk"
optional = false
python-versions = "*"
version = "0.15.1"

[package.dependencies]
certifi = "*"
urllib3 = ">=1.10.0"

[package.extras]
aiohttp = ["aiohttp (>=3.5)"]
beam = ["beam (>=2.12)"]
bottle = ["bottle (>=0.12.13)"]
celery = ["celery (>=3)"]
django = ["django (>=1.8)"]
falcon = ["falcon (>=1.4)"]
flask = ["flask (>=0.11)", "blinker (>=1.1)"]
pyspark = ["pyspark (>=2.4.4)"]
rq = ["rq (>=0.6)"]
sanic = ["sanic (>=0.8)"]
sqlalchemy = ["sqlalchemy (>=1.2)"]
tornado = ["tornado (>=5)"]

[[package]]
category = "main"
description = "the blessed package to manage your versions by scm tags"
name = "setuptools-scm"
optional = false
python-versions = "!=3.0.*,!=3.1.*,!=3.2.*,!=3.3.*,!=3.4.*,>=2.7"
version = "4.1.2"

[package.dependencies]
setuptools = "*"

[package.extras]
toml = ["toml"]

[[package]]
category = "main"
description = "Python 2 and 3 compatibility utilities"
name = "six"
optional = false
python-versions = ">=2.7, !=3.0.*, !=3.1.*, !=3.2.*"
version = "1.15.0"

[[package]]
category = "main"
description = "Non-validating SQL parser"
name = "sqlparse"
optional = false
python-versions = ">=2.7, !=3.0.*, !=3.1.*, !=3.2.*, !=3.3.*"
version = "0.3.1"

[[package]]
category = "main"
description = "Computer algebra system (CAS) in Python"
name = "sympy"
optional = false
python-versions = ">=3.5"
version = "1.6.1"

[package.dependencies]
mpmath = ">=0.19"

[[package]]
category = "dev"
description = "Python Library for Tom's Obvious, Minimal Language"
name = "toml"
optional = false
python-versions = "*"
version = "0.10.1"

[[package]]
category = "main"
description = "HTTP library with thread-safe connection pooling, file post, and more."
name = "urllib3"
optional = false
python-versions = ">=2.7, !=3.0.*, !=3.1.*, !=3.2.*, !=3.3.*, !=3.4.*, <4"
version = "1.25.10"

[package.extras]
brotli = ["brotlipy (>=0.6.0)"]
secure = ["certifi", "cryptography (>=1.3.4)", "idna (>=2.0.0)", "pyOpenSSL (>=0.14)", "ipaddress"]
socks = ["PySocks (>=1.5.6,<1.5.7 || >1.5.7,<2.0)"]

[[package]]
category = "dev"
description = "Virtual Python Environment builder"
name = "virtualenv"
optional = false
python-versions = "!=3.0.*,!=3.1.*,!=3.2.*,!=3.3.*,>=2.7"
version = "20.0.28"

[package.dependencies]
appdirs = ">=1.4.3,<2"
distlib = ">=0.3.1,<1"
filelock = ">=3.0.0,<4"
six = ">=1.9.0,<2"

[package.extras]
docs = ["proselint (>=0.10.2)", "sphinx (>=3)", "sphinx-argparse (>=0.2.5)", "sphinx-rtd-theme (>=0.4.3)", "towncrier (>=19.9.0rc1)"]
testing = ["coverage (>=5)", "coverage-enable-subprocess (>=1)", "flaky (>=3)", "pytest (>=4)", "pytest-env (>=0.6.2)", "pytest-freezegun (>=0.4.1)", "pytest-mock (>=2)", "pytest-randomly (>=1)", "pytest-timeout (>=1)", "pytest-xdist (>=1.31.0)", "packaging (>=20.0)", "xonsh (>=0.9.16)"]

[[package]]
category = "main"
description = "The comprehensive WSGI web application library."
name = "werkzeug"
optional = false
python-versions = ">=2.7, !=3.0.*, !=3.1.*, !=3.2.*, !=3.3.*, !=3.4.*"
version = "1.0.1"

[package.extras]
dev = ["pytest", "pytest-timeout", "coverage", "tox", "sphinx", "pallets-sphinx-themes", "sphinx-issues"]
watchdog = ["watchdog"]

[[package]]
category = "main"
description = "Radically simplified static file serving for WSGI applications"
name = "whitenoise"
optional = false
python-versions = ">=3.5, <4"
version = "5.2.0"

[package.extras]
brotli = ["brotli"]

[metadata]
content-hash = "d834f530b26d485cb69bcfb9883052c6eb2e50e1e8129a666b963e3c267c3a35"
python-versions = "^3.8"

[metadata.files]
appdirs = [
    {file = "appdirs-1.4.4-py2.py3-none-any.whl", hash = "sha256:a841dacd6b99318a741b166adb07e19ee71a274450e68237b4650ca1055ab128"},
    {file = "appdirs-1.4.4.tar.gz", hash = "sha256:7d5d0167b2b1ba821647616af46a749d1c653740dd0d2415100fe26e27afdf41"},
]
asgiref = [
    {file = "asgiref-3.2.10-py3-none-any.whl", hash = "sha256:9fc6fb5d39b8af147ba40765234fa822b39818b12cc80b35ad9b0cef3a476aed"},
    {file = "asgiref-3.2.10.tar.gz", hash = "sha256:7e51911ee147dd685c3c8b805c0ad0cb58d360987b56953878f8c06d2d1c6f1a"},
]
astropy = [
    {file = "astropy-4.0.1.post1-cp36-cp36m-macosx_10_9_x86_64.whl", hash = "sha256:86ccbf614d63440680196c1251cb77abf3df393176aec4f441959d43f28f617d"},
    {file = "astropy-4.0.1.post1-cp36-cp36m-manylinux1_i686.whl", hash = "sha256:14a2f070824b9c3d0b8e9168e8aa6ea9a10e2d005e5a41a3245a38cc9679190d"},
    {file = "astropy-4.0.1.post1-cp36-cp36m-manylinux1_x86_64.whl", hash = "sha256:9bc66cdfff353563a0f8d56da53d2d3c7dcb6d96930b48ad1146f1c5c9dc3c00"},
    {file = "astropy-4.0.1.post1-cp36-cp36m-win32.whl", hash = "sha256:7a1f5146cccdcf89070c829012ae2f8ef4f64385fbeafd80cde91708dba32132"},
    {file = "astropy-4.0.1.post1-cp36-cp36m-win_amd64.whl", hash = "sha256:6ccacc159391cc39069a705aa25e39ad7494573162d8938d288515b7d22bd212"},
    {file = "astropy-4.0.1.post1-cp37-cp37m-macosx_10_9_x86_64.whl", hash = "sha256:878ee573d30566d1282c8891a7c1ddf446b3502f30b925b13d6ed2c847b28653"},
    {file = "astropy-4.0.1.post1-cp37-cp37m-manylinux1_i686.whl", hash = "sha256:b5007f16202cbebf509920cebaa7312ca3953fd9b201688db934a218d2f4ceea"},
    {file = "astropy-4.0.1.post1-cp37-cp37m-manylinux1_x86_64.whl", hash = "sha256:606029383730b7ebf8870664efb34391e546e1f247324b07f5aae0e518acdc95"},
    {file = "astropy-4.0.1.post1-cp37-cp37m-win32.whl", hash = "sha256:ac33edfbe484a6a1a4cda6a918218853e19899ce75488356a8186115fc37c70e"},
    {file = "astropy-4.0.1.post1-cp37-cp37m-win_amd64.whl", hash = "sha256:46dfec9d03d30727ad931abfd94c51b52334b021be19de96bdb047aa890dfcc0"},
    {file = "astropy-4.0.1.post1-cp38-cp38-macosx_10_9_x86_64.whl", hash = "sha256:c0a92f0bab6440b39c89c21e7f667cf1437281ae59cc28f5d2ec48fd04d343e6"},
    {file = "astropy-4.0.1.post1-cp38-cp38-manylinux1_i686.whl", hash = "sha256:e145c050408d911c104b2eab0c40a66853703346e18505d75240c383a34ec56a"},
    {file = "astropy-4.0.1.post1-cp38-cp38-manylinux1_x86_64.whl", hash = "sha256:755077baecfbe2122ff56c1a0d61e905cc3ef43105ef0167968eb4ce3f4469b4"},
    {file = "astropy-4.0.1.post1-cp38-cp38-win32.whl", hash = "sha256:d8a8db0b69256b357ae5544bc31c4f21fad1f067d2cc3e9936c646dea5b7d908"},
    {file = "astropy-4.0.1.post1.tar.gz", hash = "sha256:5c304a6c1845ca426e7bc319412b0363fccb4928cb4ba59298acd1918eec44b5"},
]
cached-property = [
    {file = "cached-property-1.5.1.tar.gz", hash = "sha256:9217a59f14a5682da7c4b8829deadbfc194ac22e9908ccf7c8820234e80a1504"},
    {file = "cached_property-1.5.1-py2.py3-none-any.whl", hash = "sha256:3a026f1a54135677e7da5ce819b0c690f156f37976f3e30c5430740725203d7f"},
]
camb = [
    {file = "camb-1.1.3.tar.gz", hash = "sha256:943407b8c133cf7274cdc8475d148c30092e819ffa5bb433766bba694f7f5d43"},
]
certifi = [
    {file = "certifi-2020.6.20-py2.py3-none-any.whl", hash = "sha256:8fc0819f1f30ba15bdb34cceffb9ef04d99f420f68eb75d901e9560b8749fc41"},
    {file = "certifi-2020.6.20.tar.gz", hash = "sha256:5930595817496dd21bb8dc35dad090f1c2cd0adfaf21204bf6732ca5d8ee34d3"},
]
cfgv = [
    {file = "cfgv-3.1.0-py2.py3-none-any.whl", hash = "sha256:1ccf53320421aeeb915275a196e23b3b8ae87dea8ac6698b1638001d4a486d53"},
    {file = "cfgv-3.1.0.tar.gz", hash = "sha256:c8e8f552ffcc6194f4e18dd4f68d9aef0c0d58ae7e7be8c82bee3c5e9edfa513"},
]
colossus = [
    {file = "colossus-1.2.16-py2.py3-none-any.whl", hash = "sha256:a12f4c4c7bd4a9cc391028412ec860fa89a6b993ad0f680d0fc00272eabbde6f"},
]
cycler = [
    {file = "cycler-0.10.0-py2.py3-none-any.whl", hash = "sha256:1d8a5ae1ff6c5cf9b93e8811e581232ad8920aeec647c37316ceac982b08cb2d"},
    {file = "cycler-0.10.0.tar.gz", hash = "sha256:cd7b2d1018258d7247a71425e9f26463dfb444d411c39569972f4ce586b0c9d8"},
]
deprecation = [
    {file = "deprecation-2.1.0-py2.py3-none-any.whl", hash = "sha256:a10811591210e1fb0e768a8c25517cabeabcba6f0bf96564f8ff45189f90b14a"},
    {file = "deprecation-2.1.0.tar.gz", hash = "sha256:72b3bde64e5d778694b0cf68178aed03d15e15477116add3fb773e581f9518ff"},
]
dill = [
    {file = "dill-0.3.2.zip", hash = "sha256:6e12da0d8e49c220e8d6e97ee8882002e624f1160289ce85ec2cc0a5246b3a2e"},
]
distlib = [
    {file = "distlib-0.3.1-py2.py3-none-any.whl", hash = "sha256:8c09de2c67b3e7deef7184574fc060ab8a793e7adbb183d942c389c8b13c52fb"},
    {file = "distlib-0.3.1.zip", hash = "sha256:edf6116872c863e1aa9d5bb7cb5e05a022c519a4594dc703843343a9ddd9bff1"},
]
django = [
    {file = "Django-3.0.8-py3-none-any.whl", hash = "sha256:5457fc953ec560c5521b41fad9e6734a4668b7ba205832191bbdff40ec61073c"},
    {file = "Django-3.0.8.tar.gz", hash = "sha256:31a5fbbea5fc71c99e288ec0b2f00302a0a92c44b13ede80b73a6a4d6d205582"},
]
django-analytical = [
    {file = "django-analytical-2.6.0.tar.gz", hash = "sha256:6ccda72996f72902902ec38183613c6c02093bc1046dc75831f0f014a663549f"},
    {file = "django_analytical-2.6.0-py3-none-any.whl", hash = "sha256:07d6907cee47e2acafaa1332d250c8f01b8f45375cd576ca1bb0d8095f92f227"},
]
django-crispy-forms = [
    {file = "django-crispy-forms-1.9.2.tar.gz", hash = "sha256:f2f1e0fbb458851636447cfb6be1a611b40c8ac9e41a74ba923011378670b43b"},
    {file = "django_crispy_forms-1.9.2-py3-none-any.whl", hash = "sha256:888bb316db89b60050a42ec35080facb361d823eec38010ccb0702f45642d3b8"},
]
django-debug-toolbar = [
    {file = "django-debug-toolbar-2.2.tar.gz", hash = "sha256:eabbefe89881bbe4ca7c980ff102e3c35c8e8ad6eb725041f538988f2f39a943"},
    {file = "django_debug_toolbar-2.2-py3-none-any.whl", hash = "sha256:ff94725e7aae74b133d0599b9bf89bd4eb8f5d2c964106e61d11750228c8774c"},
]
django-environ = [
    {file = "django-environ-0.4.5.tar.gz", hash = "sha256:6c9d87660142608f63ec7d5ce5564c49b603ea8ff25da595fd6098f6dc82afde"},
    {file = "django_environ-0.4.5-py2.py3-none-any.whl", hash = "sha256:c57b3c11ec1f319d9474e3e5a79134f40174b17c7cc024bbb2fad84646b120c4"},
]
django-extensions = [
    {file = "django-extensions-3.0.4.tar.gz", hash = "sha256:d1e94df479daf681c33f2f5647403ee904e9268b00b5506705f4c1ee0067ed1b"},
    {file = "django_extensions-3.0.4-py2.py3-none-any.whl", hash = "sha256:237e8262ce2a4ec8acd2ee6cbc822095e26e78f72ceb77d4d0a0918860f84fbb"},
]
django-range-slider = [
    {file = "django_range_slider-0.2.4.tar.gz", hash = "sha256:accb534671fb135242bad03010fabdad578ab020e51d17cc5c9d42a7da857985"},
]
django-tabination = [
    {file = "django-tabination-0.4.0.tar.gz", hash = "sha256:4814e68fc52ca76a49d458063e8d0fe915fc7eec329306af444a1ad4e18db447"},
    {file = "django_tabination-0.4.0-py2-none-any.whl", hash = "sha256:3fbce76cf5bedfb797fb46bc1b2c2211fc92c9401d930a9d3e84ded516a409fd"},
    {file = "django_tabination-0.4.0-py3-none-any.whl", hash = "sha256:fca46a340719c4c1746b05c96acbcfb72465b8383d2e7284278219155e7d9c27"},
]
filelock = [
    {file = "filelock-3.0.12-py3-none-any.whl", hash = "sha256:929b7d63ec5b7d6b71b0fa5ac14e030b3f70b75747cef1b10da9b879fef15836"},
    {file = "filelock-3.0.12.tar.gz", hash = "sha256:18d82244ee114f543149c66a6e0c14e9c4f8a1044b5cdaadd0f82159d6a6ff59"},
]
gunicorn = [
    {file = "gunicorn-20.0.4-py2.py3-none-any.whl", hash = "sha256:cd4a810dd51bf497552cf3f863b575dabd73d6ad6a91075b65936b151cbf4f9c"},
    {file = "gunicorn-20.0.4.tar.gz", hash = "sha256:1904bb2b8a43658807108d59c3f3d56c2b6121a701161de0ddf9ad140073c626"},
]
halomod = [
    {file = "halomod-1.5.0-py2.py3-none-any.whl", hash = "sha256:b8134381a61d96a9660025619f28c7f30798bef9be91c2819a958d27d70740d7"},
    {file = "halomod-1.5.0.tar.gz", hash = "sha256:75c8c820c8d4e9e703c5a3a0fd09187857e6a208f29db40c9b0f055d63dafc4e"},
]
hankel = [
    {file = "hankel-1.1.0-py3-none-any.whl", hash = "sha256:c3a30389d47178d78bd744a8eeca25305ba7dfcbe0687fee5c3843bd5a48382e"},
    {file = "hankel-1.1.0.tar.gz", hash = "sha256:83764755e132a86c6c801f02722d544c69a469b2dda1a338eafb663c4c9053e4"},
]
hmf = [
    {file = "hmf-3.1.3-py2.py3-none-any.whl", hash = "sha256:89486e1aabd41ff54888dae411a382963d8b3b814e839d7828c805abb1332847"},
    {file = "hmf-3.1.3.tar.gz", hash = "sha256:e3ea24f280a3b322a11a6d34d4609ab22c948833016b284e4474ebc135b10641"},
]
identify = [
    {file = "identify-1.4.25-py2.py3-none-any.whl", hash = "sha256:ccd88716b890ecbe10920659450a635d2d25de499b9a638525a48b48261d989b"},
    {file = "identify-1.4.25.tar.gz", hash = "sha256:110ed090fec6bce1aabe3c72d9258a9de82207adeaa5a05cd75c635880312f9a"},
]
kiwisolver = [
    {file = "kiwisolver-1.2.0-cp36-cp36m-macosx_10_9_x86_64.whl", hash = "sha256:443c2320520eda0a5b930b2725b26f6175ca4453c61f739fef7a5847bd262f74"},
    {file = "kiwisolver-1.2.0-cp36-cp36m-manylinux1_i686.whl", hash = "sha256:efcf3397ae1e3c3a4a0a0636542bcad5adad3b1dd3e8e629d0b6e201347176c8"},
    {file = "kiwisolver-1.2.0-cp36-cp36m-manylinux1_x86_64.whl", hash = "sha256:fccefc0d36a38c57b7bd233a9b485e2f1eb71903ca7ad7adacad6c28a56d62d2"},
    {file = "kiwisolver-1.2.0-cp36-none-win32.whl", hash = "sha256:60a78858580761fe611d22127868f3dc9f98871e6fdf0a15cc4203ed9ba6179b"},
    {file = "kiwisolver-1.2.0-cp36-none-win_amd64.whl", hash = "sha256:556da0a5f60f6486ec4969abbc1dd83cf9b5c2deadc8288508e55c0f5f87d29c"},
    {file = "kiwisolver-1.2.0-cp37-cp37m-macosx_10_9_x86_64.whl", hash = "sha256:7cc095a4661bdd8a5742aaf7c10ea9fac142d76ff1770a0f84394038126d8fc7"},
    {file = "kiwisolver-1.2.0-cp37-cp37m-manylinux1_i686.whl", hash = "sha256:c955791d80e464da3b471ab41eb65cf5a40c15ce9b001fdc5bbc241170de58ec"},
    {file = "kiwisolver-1.2.0-cp37-cp37m-manylinux1_x86_64.whl", hash = "sha256:603162139684ee56bcd57acc74035fceed7dd8d732f38c0959c8bd157f913fec"},
    {file = "kiwisolver-1.2.0-cp37-none-win32.whl", hash = "sha256:03662cbd3e6729f341a97dd2690b271e51a67a68322affab12a5b011344b973c"},
    {file = "kiwisolver-1.2.0-cp37-none-win_amd64.whl", hash = "sha256:4eadb361baf3069f278b055e3bb53fa189cea2fd02cb2c353b7a99ebb4477ef1"},
    {file = "kiwisolver-1.2.0-cp38-cp38-macosx_10_9_x86_64.whl", hash = "sha256:c31bc3c8e903d60a1ea31a754c72559398d91b5929fcb329b1c3a3d3f6e72113"},
    {file = "kiwisolver-1.2.0-cp38-cp38-manylinux1_i686.whl", hash = "sha256:d52b989dc23cdaa92582ceb4af8d5bcc94d74b2c3e64cd6785558ec6a879793e"},
    {file = "kiwisolver-1.2.0-cp38-cp38-manylinux1_x86_64.whl", hash = "sha256:e586b28354d7b6584d8973656a7954b1c69c93f708c0c07b77884f91640b7657"},
    {file = "kiwisolver-1.2.0-cp38-none-win32.whl", hash = "sha256:d069ef4b20b1e6b19f790d00097a5d5d2c50871b66d10075dab78938dc2ee2cf"},
    {file = "kiwisolver-1.2.0-cp38-none-win_amd64.whl", hash = "sha256:18d749f3e56c0480dccd1714230da0f328e6e4accf188dd4e6884bdd06bf02dd"},
    {file = "kiwisolver-1.2.0.tar.gz", hash = "sha256:247800260cd38160c362d211dcaf4ed0f7816afb5efe56544748b21d6ad6d17f"},
]
llvmlite = [
    {file = "llvmlite-0.33.0-cp36-cp36m-macosx_10_9_x86_64.whl", hash = "sha256:1a31702cc1383893a4c3d8103226207399848aaa4d16633051d0a25d78cfc726"},
    {file = "llvmlite-0.33.0-cp36-cp36m-manylinux1_i686.whl", hash = "sha256:03f5557f9e52bbaeca60a2e89ae71ca907e2f19a03f75fea73d9d5bbf619654e"},
    {file = "llvmlite-0.33.0-cp36-cp36m-manylinux1_x86_64.whl", hash = "sha256:ff7145e263cccb82e93ec88b30e55b7705ce40cde3bd86de26e83e22734b0632"},
    {file = "llvmlite-0.33.0-cp36-cp36m-win32.whl", hash = "sha256:c2b71b560555b9ddbdb50425bbecfb1df2d5153c1b0db47e2d23286deb1c3753"},
    {file = "llvmlite-0.33.0-cp36-cp36m-win_amd64.whl", hash = "sha256:c5a09728fb98336dd3d0f96aafadb2e3b4ccc3214804f71a02afb9ae40cfcd91"},
    {file = "llvmlite-0.33.0-cp37-cp37m-macosx_10_9_x86_64.whl", hash = "sha256:cc4b5564c644ba438cf2616de4731766d093199299d9c7573f6fe8aa5b2c07c3"},
    {file = "llvmlite-0.33.0-cp37-cp37m-manylinux1_i686.whl", hash = "sha256:2e83ca852d002d768523251719865223eae693bdf012720eccd0af95aee798b5"},
    {file = "llvmlite-0.33.0-cp37-cp37m-manylinux1_x86_64.whl", hash = "sha256:4eeb747c5c8acb7bafb42ae7a69cf95ed21b26d54e7165bc8468f9e9c8a1ed5e"},
    {file = "llvmlite-0.33.0-cp37-cp37m-win32.whl", hash = "sha256:53981cde265b2dd489b0efccd2e456ac72b849d46a91a4b6f89b0267488edece"},
    {file = "llvmlite-0.33.0-cp37-cp37m-win_amd64.whl", hash = "sha256:f74e8ae96cb82622f17cad04048f8565a906377d61df31bcb7c82038144aded1"},
    {file = "llvmlite-0.33.0-cp38-cp38-macosx_10_9_x86_64.whl", hash = "sha256:37b0da8df72d575d57e930efdd8e257c72bb9ceb722403483349fbdb5cadb726"},
    {file = "llvmlite-0.33.0-cp38-cp38-manylinux1_i686.whl", hash = "sha256:b9ffc8a7c44f1726330ad8a6bc97272728212ef0667105259c26396e94a76fbd"},
    {file = "llvmlite-0.33.0-cp38-cp38-manylinux1_x86_64.whl", hash = "sha256:89b9458b1e1c9b3adb48695ba1bf266dffc7cb381265839113eda5a6102e731d"},
    {file = "llvmlite-0.33.0-cp38-cp38-win32.whl", hash = "sha256:5f181a0aae3367787291cdfd07b703ddbb8b08f394fad64d555db7ea217d0f24"},
    {file = "llvmlite-0.33.0-cp38-cp38-win_amd64.whl", hash = "sha256:5d4f8433df3bdb5e008b9766aa6de5854f5c5b29314037d301c92ca12bfb7f1a"},
    {file = "llvmlite-0.33.0.tar.gz", hash = "sha256:9c8aae96f7fba10d9ac864b443d1e8c7ee4765c31569a2b201b3d0b67d8fc596"},
]
matplotlib = [
    {file = "matplotlib-3.3.0-1-cp36-cp36m-macosx_10_9_x86_64.whl", hash = "sha256:b0786ac32983191fcd9cc0230b4ec2f8b3c25dee9beca46ca506c5d6cc5c593d"},
    {file = "matplotlib-3.3.0-1-cp36-cp36m-manylinux1_x86_64.whl", hash = "sha256:f9753c6292d5a1fe46828feb38d1de1820e3ea109a5fea0b6ea1dca6e9d0b220"},
    {file = "matplotlib-3.3.0-1-cp37-cp37m-macosx_10_9_x86_64.whl", hash = "sha256:6aa7ea00ad7d898704ffed46e83efd7ec985beba57f507c957979f080678b9ea"},
    {file = "matplotlib-3.3.0-1-cp37-cp37m-manylinux1_x86_64.whl", hash = "sha256:19cf4db0272da286863a50406f6430101af129f288c421b1a7f33ddfc8d0180f"},
    {file = "matplotlib-3.3.0-1-cp38-cp38-macosx_10_9_x86_64.whl", hash = "sha256:ebb6168c9330309b1f3360d36c481d8cd621a490cf2a69c9d6625b2a76777c12"},
    {file = "matplotlib-3.3.0-1-cp38-cp38-manylinux1_x86_64.whl", hash = "sha256:695b4165520bdfe381d15a6db03778babb265fee7affdc43e169a881f3f329bc"},
    {file = "matplotlib-3.3.0-cp36-cp36m-macosx_10_9_x86_64.whl", hash = "sha256:9ccc651261b7044ffc3b1e2f9af17b1ef4c6a12fc080b5a7353ef0b53a50be28"},
    {file = "matplotlib-3.3.0-cp36-cp36m-manylinux1_x86_64.whl", hash = "sha256:e3868686f3023644523df486fc224b0af4349f3cdb933b0a71f261a574d7b65f"},
    {file = "matplotlib-3.3.0-cp36-cp36m-win32.whl", hash = "sha256:7c9adba58a67d23cc131c4189da56cb1d0f18a237c43188d831a44e4fc5df15a"},
    {file = "matplotlib-3.3.0-cp36-cp36m-win_amd64.whl", hash = "sha256:855bb281f3cc8e23ef66064a2beb229674fdf785638091fc82a172e3e84c2780"},
    {file = "matplotlib-3.3.0-cp37-cp37m-macosx_10_9_x86_64.whl", hash = "sha256:7ce8f5364c74aac06abad84d8744d659bd86036e86c4ebf14c75ae4292597b46"},
    {file = "matplotlib-3.3.0-cp37-cp37m-manylinux1_x86_64.whl", hash = "sha256:605e4d43b421524ad955a56535391e02866d07bce27c644e2c99e25fb59d63d1"},
    {file = "matplotlib-3.3.0-cp37-cp37m-win32.whl", hash = "sha256:cef05e9a2302f96d6f0666ee70ac7715cbc12e3802d8b8eb80bacd6ab81a0a24"},
    {file = "matplotlib-3.3.0-cp37-cp37m-win_amd64.whl", hash = "sha256:bf8d527a2eb9a5db1c9e5e405d1b1c4e66be983620c9ce80af6aae430d9a0c9c"},
    {file = "matplotlib-3.3.0-cp38-cp38-macosx_10_9_x86_64.whl", hash = "sha256:c06ea133b44805d42f2507cb3503f6647b0c7918f1900b5063f5a8a69c63f6d2"},
    {file = "matplotlib-3.3.0-cp38-cp38-manylinux1_x86_64.whl", hash = "sha256:09b4096748178bcc764b81587b00ab720eac24965d2bf44ecbe09dcf4e8ed253"},
    {file = "matplotlib-3.3.0-cp38-cp38-win32.whl", hash = "sha256:c1f850908600efa60f81ad14eedbaf7cb17185a2c6d26586ae826ae5ce21f6e0"},
    {file = "matplotlib-3.3.0-cp38-cp38-win_amd64.whl", hash = "sha256:2a9d10930406748b50f60c5fa74c399a1c1080aa6ce6e3fe5f38473b02f6f06d"},
    {file = "matplotlib-3.3.0-cp39-cp39-win32.whl", hash = "sha256:244a9088140a4c540e0a2db9c8ada5ad12520efded592a46e5bc43ff8f0fd0aa"},
    {file = "matplotlib-3.3.0-cp39-cp39-win_amd64.whl", hash = "sha256:f74c39621b03cec7bc08498f140192ac26ca940ef20beac6dfad3714d2298b2a"},
    {file = "matplotlib-3.3.0.tar.gz", hash = "sha256:24e8db94948019d531ce0bcd637ac24b1c8f6744ac86d2aa0eb6dbaeb1386f82"},
]
mpmath = [
    {file = "mpmath-1.1.0.tar.gz", hash = "sha256:fc17abe05fbab3382b61a123c398508183406fa132e0223874578e20946499f6"},
]
nodeenv = [
    {file = "nodeenv-1.4.0-py2.py3-none-any.whl", hash = "sha256:4b0b77afa3ba9b54f4b6396e60b0c83f59eaeb2d63dc3cc7a70f7f4af96c82bc"},
]
numba = [
    {file = "numba-0.50.1-cp36-cp36m-macosx_10_14_x86_64.whl", hash = "sha256:77eba26deda636cf67c1554e2af70063a603b952e181f0570caa3ff1f101c950"},
    {file = "numba-0.50.1-cp36-cp36m-manylinux1_i686.whl", hash = "sha256:df5217e05e5612f4df7033a1588b9e55c76dead00faf40ed168f1c62b21d64ad"},
    {file = "numba-0.50.1-cp36-cp36m-manylinux1_x86_64.whl", hash = "sha256:404809fca5fd71b20096a6eea201c5bcf5255337818d3939f1631ba190a06d1f"},
    {file = "numba-0.50.1-cp36-cp36m-manylinux2014_x86_64.whl", hash = "sha256:2e17eadf3c5c3cae525ce6d1a71d021dd67a980ce766484a68018d3c7d7cfcab"},
    {file = "numba-0.50.1-cp36-cp36m-win32.whl", hash = "sha256:ddc73deb0637699df4ed678f48d1d73f9397e86b134f6f47868c823241578706"},
    {file = "numba-0.50.1-cp36-cp36m-win_amd64.whl", hash = "sha256:e4c0abd4c75b3da824d9601989d97666db6e94011e26e83eb78ac8e723224460"},
    {file = "numba-0.50.1-cp37-cp37m-macosx_10_14_x86_64.whl", hash = "sha256:38146c10f8457705e74e2e02f0d0d339f4a5143b92cccaa1ef18ae240bcdae4f"},
    {file = "numba-0.50.1-cp37-cp37m-manylinux1_i686.whl", hash = "sha256:943ddf7192a90823485028039cdef5358fddd0f55922c6ab46fe6b74b7335f16"},
    {file = "numba-0.50.1-cp37-cp37m-manylinux1_x86_64.whl", hash = "sha256:d9a8089b9c6905fab7465700caf27757fc32b8011df9c4ea48a261cdb58c1dad"},
    {file = "numba-0.50.1-cp37-cp37m-manylinux2014_x86_64.whl", hash = "sha256:753f400038e74b685ef21edf8218c524a782c269819e074c83fa241e6c6cde0e"},
    {file = "numba-0.50.1-cp37-cp37m-win32.whl", hash = "sha256:925580ec493370206abe9143f96a3e843a1982dbae2f33151a71614ab9aca39d"},
    {file = "numba-0.50.1-cp37-cp37m-win_amd64.whl", hash = "sha256:d42e0bdfdb920db7cfc68d49908aba25f51789a9b2497dc4dc889d8df234691d"},
    {file = "numba-0.50.1-cp38-cp38-macosx_10_14_x86_64.whl", hash = "sha256:5caf68ac45eddafc6c4275cc8bae67bdbc246536284821f7894c5a8fabb0c132"},
    {file = "numba-0.50.1-cp38-cp38-manylinux1_i686.whl", hash = "sha256:24852c21fbf7edf9e000eeec9fbd1b24d1ca17c86ae449b06a3707bcdec95479"},
    {file = "numba-0.50.1-cp38-cp38-manylinux1_x86_64.whl", hash = "sha256:44407fd45655d887b3bb12b9282c0d994c2e7d59ba537e7429349403de6eb8c0"},
    {file = "numba-0.50.1-cp38-cp38-manylinux2014_x86_64.whl", hash = "sha256:c98b09d78144da2e5b8c7b690f80d12076a6b8e9af6e3c7f772a08cf04821cc1"},
    {file = "numba-0.50.1-cp38-cp38-win32.whl", hash = "sha256:3a4114dc1b9af491235ce30517913afe0a0a226117a924e7361d626f55e0e054"},
    {file = "numba-0.50.1-cp38-cp38-win_amd64.whl", hash = "sha256:5848d6bc5604664823a1681b17eb934147b24cfcb4df672be33315ff3f9f7afe"},
]
numpy = [
    {file = "numpy-1.19.1-cp36-cp36m-macosx_10_9_x86_64.whl", hash = "sha256:b1cca51512299841bf69add3b75361779962f9cee7d9ee3bb446d5982e925b69"},
    {file = "numpy-1.19.1-cp36-cp36m-manylinux1_i686.whl", hash = "sha256:c9591886fc9cbe5532d5df85cb8e0cc3b44ba8ce4367bd4cf1b93dc19713da72"},
    {file = "numpy-1.19.1-cp36-cp36m-manylinux1_x86_64.whl", hash = "sha256:cf1347450c0b7644ea142712619533553f02ef23f92f781312f6a3553d031fc7"},
    {file = "numpy-1.19.1-cp36-cp36m-manylinux2010_i686.whl", hash = "sha256:ed8a311493cf5480a2ebc597d1e177231984c818a86875126cfd004241a73c3e"},
    {file = "numpy-1.19.1-cp36-cp36m-manylinux2010_x86_64.whl", hash = "sha256:3673c8b2b29077f1b7b3a848794f8e11f401ba0b71c49fbd26fb40b71788b132"},
    {file = "numpy-1.19.1-cp36-cp36m-manylinux2014_aarch64.whl", hash = "sha256:56ef7f56470c24bb67fb43dae442e946a6ce172f97c69f8d067ff8550cf782ff"},
    {file = "numpy-1.19.1-cp36-cp36m-win32.whl", hash = "sha256:aaf42a04b472d12515debc621c31cf16c215e332242e7a9f56403d814c744624"},
    {file = "numpy-1.19.1-cp36-cp36m-win_amd64.whl", hash = "sha256:082f8d4dd69b6b688f64f509b91d482362124986d98dc7dc5f5e9f9b9c3bb983"},
    {file = "numpy-1.19.1-cp37-cp37m-macosx_10_9_x86_64.whl", hash = "sha256:e4f6d3c53911a9d103d8ec9518190e52a8b945bab021745af4939cfc7c0d4a9e"},
    {file = "numpy-1.19.1-cp37-cp37m-manylinux1_i686.whl", hash = "sha256:5b6885c12784a27e957294b60f97e8b5b4174c7504665333c5e94fbf41ae5d6a"},
    {file = "numpy-1.19.1-cp37-cp37m-manylinux1_x86_64.whl", hash = "sha256:1bc0145999e8cb8aed9d4e65dd8b139adf1919e521177f198529687dbf613065"},
    {file = "numpy-1.19.1-cp37-cp37m-manylinux2010_i686.whl", hash = "sha256:5a936fd51049541d86ccdeef2833cc89a18e4d3808fe58a8abeb802665c5af93"},
    {file = "numpy-1.19.1-cp37-cp37m-manylinux2010_x86_64.whl", hash = "sha256:ef71a1d4fd4858596ae80ad1ec76404ad29701f8ca7cdcebc50300178db14dfc"},
    {file = "numpy-1.19.1-cp37-cp37m-manylinux2014_aarch64.whl", hash = "sha256:b9792b0ac0130b277536ab8944e7b754c69560dac0415dd4b2dbd16b902c8954"},
    {file = "numpy-1.19.1-cp37-cp37m-win32.whl", hash = "sha256:b12e639378c741add21fbffd16ba5ad25c0a1a17cf2b6fe4288feeb65144f35b"},
    {file = "numpy-1.19.1-cp37-cp37m-win_amd64.whl", hash = "sha256:8343bf67c72e09cfabfab55ad4a43ce3f6bf6e6ced7acf70f45ded9ebb425055"},
    {file = "numpy-1.19.1-cp38-cp38-macosx_10_9_x86_64.whl", hash = "sha256:e45f8e981a0ab47103181773cc0a54e650b2aef8c7b6cd07405d0fa8d869444a"},
    {file = "numpy-1.19.1-cp38-cp38-manylinux1_i686.whl", hash = "sha256:667c07063940e934287993366ad5f56766bc009017b4a0fe91dbd07960d0aba7"},
    {file = "numpy-1.19.1-cp38-cp38-manylinux1_x86_64.whl", hash = "sha256:480fdd4dbda4dd6b638d3863da3be82873bba6d32d1fc12ea1b8486ac7b8d129"},
    {file = "numpy-1.19.1-cp38-cp38-manylinux2010_i686.whl", hash = "sha256:935c27ae2760c21cd7354402546f6be21d3d0c806fffe967f745d5f2de5005a7"},
    {file = "numpy-1.19.1-cp38-cp38-manylinux2010_x86_64.whl", hash = "sha256:309cbcfaa103fc9a33ec16d2d62569d541b79f828c382556ff072442226d1968"},
    {file = "numpy-1.19.1-cp38-cp38-manylinux2014_aarch64.whl", hash = "sha256:7ed448ff4eaffeb01094959b19cbaf998ecdee9ef9932381420d514e446601cd"},
    {file = "numpy-1.19.1-cp38-cp38-win32.whl", hash = "sha256:de8b4a9b56255797cbddb93281ed92acbc510fb7b15df3f01bd28f46ebc4edae"},
    {file = "numpy-1.19.1-cp38-cp38-win_amd64.whl", hash = "sha256:92feb989b47f83ebef246adabc7ff3b9a59ac30601c3f6819f8913458610bdcc"},
    {file = "numpy-1.19.1-pp36-pypy36_pp73-manylinux2010_x86_64.whl", hash = "sha256:e1b1dc0372f530f26a03578ac75d5e51b3868b9b76cd2facba4c9ee0eb252ab1"},
    {file = "numpy-1.19.1.zip", hash = "sha256:b8456987b637232602ceb4d663cb34106f7eb780e247d51a260b84760fd8f491"},
]
packaging = [
    {file = "packaging-20.4-py2.py3-none-any.whl", hash = "sha256:998416ba6962ae7fbd6596850b80e17859a5753ba17c32284f67bfff33784181"},
    {file = "packaging-20.4.tar.gz", hash = "sha256:4357f74f47b9c12db93624a82154e9b120fa8293699949152b22065d556079f8"},
]
pillow = [
    {file = "Pillow-7.2.0-cp35-cp35m-macosx_10_10_intel.whl", hash = "sha256:1ca594126d3c4def54babee699c055a913efb01e106c309fa6b04405d474d5ae"},
    {file = "Pillow-7.2.0-cp35-cp35m-manylinux1_i686.whl", hash = "sha256:c92302a33138409e8f1ad16731568c55c9053eee71bb05b6b744067e1b62380f"},
    {file = "Pillow-7.2.0-cp35-cp35m-manylinux1_x86_64.whl", hash = "sha256:8dad18b69f710bf3a001d2bf3afab7c432785d94fcf819c16b5207b1cfd17d38"},
    {file = "Pillow-7.2.0-cp35-cp35m-manylinux2014_aarch64.whl", hash = "sha256:431b15cffbf949e89df2f7b48528be18b78bfa5177cb3036284a5508159492b5"},
    {file = "Pillow-7.2.0-cp35-cp35m-win32.whl", hash = "sha256:09d7f9e64289cb40c2c8d7ad674b2ed6105f55dc3b09aa8e4918e20a0311e7ad"},
    {file = "Pillow-7.2.0-cp35-cp35m-win_amd64.whl", hash = "sha256:0295442429645fa16d05bd567ef5cff178482439c9aad0411d3f0ce9b88b3a6f"},
    {file = "Pillow-7.2.0-cp36-cp36m-macosx_10_10_x86_64.whl", hash = "sha256:ec29604081f10f16a7aea809ad42e27764188fc258b02259a03a8ff7ded3808d"},
    {file = "Pillow-7.2.0-cp36-cp36m-manylinux1_i686.whl", hash = "sha256:612cfda94e9c8346f239bf1a4b082fdd5c8143cf82d685ba2dba76e7adeeb233"},
    {file = "Pillow-7.2.0-cp36-cp36m-manylinux1_x86_64.whl", hash = "sha256:0a80dd307a5d8440b0a08bd7b81617e04d870e40a3e46a32d9c246e54705e86f"},
    {file = "Pillow-7.2.0-cp36-cp36m-manylinux2014_aarch64.whl", hash = "sha256:06aba4169e78c439d528fdeb34762c3b61a70813527a2c57f0540541e9f433a8"},
    {file = "Pillow-7.2.0-cp36-cp36m-win32.whl", hash = "sha256:f7e30c27477dffc3e85c2463b3e649f751789e0f6c8456099eea7ddd53be4a8a"},
    {file = "Pillow-7.2.0-cp36-cp36m-win_amd64.whl", hash = "sha256:ffe538682dc19cc542ae7c3e504fdf54ca7f86fb8a135e59dd6bc8627eae6cce"},
    {file = "Pillow-7.2.0-cp37-cp37m-macosx_10_10_x86_64.whl", hash = "sha256:94cf49723928eb6070a892cb39d6c156f7b5a2db4e8971cb958f7b6b104fb4c4"},
    {file = "Pillow-7.2.0-cp37-cp37m-manylinux1_i686.whl", hash = "sha256:6edb5446f44d901e8683ffb25ebdfc26988ee813da3bf91e12252b57ac163727"},
    {file = "Pillow-7.2.0-cp37-cp37m-manylinux1_x86_64.whl", hash = "sha256:52125833b070791fcb5710fabc640fc1df07d087fc0c0f02d3661f76c23c5b8b"},
    {file = "Pillow-7.2.0-cp37-cp37m-manylinux2014_aarch64.whl", hash = "sha256:9ad7f865eebde135d526bb3163d0b23ffff365cf87e767c649550964ad72785d"},
    {file = "Pillow-7.2.0-cp37-cp37m-win32.whl", hash = "sha256:c79f9c5fb846285f943aafeafda3358992d64f0ef58566e23484132ecd8d7d63"},
    {file = "Pillow-7.2.0-cp37-cp37m-win_amd64.whl", hash = "sha256:d350f0f2c2421e65fbc62690f26b59b0bcda1b614beb318c81e38647e0f673a1"},
    {file = "Pillow-7.2.0-cp38-cp38-macosx_10_10_x86_64.whl", hash = "sha256:6d7741e65835716ceea0fd13a7d0192961212fd59e741a46bbed7a473c634ed6"},
    {file = "Pillow-7.2.0-cp38-cp38-manylinux1_i686.whl", hash = "sha256:edf31f1150778abd4322444c393ab9c7bd2af271dd4dafb4208fb613b1f3cdc9"},
    {file = "Pillow-7.2.0-cp38-cp38-manylinux1_x86_64.whl", hash = "sha256:d08b23fdb388c0715990cbc06866db554e1822c4bdcf6d4166cf30ac82df8c41"},
    {file = "Pillow-7.2.0-cp38-cp38-manylinux2014_aarch64.whl", hash = "sha256:5e51ee2b8114def244384eda1c82b10e307ad9778dac5c83fb0943775a653cd8"},
    {file = "Pillow-7.2.0-cp38-cp38-win32.whl", hash = "sha256:725aa6cfc66ce2857d585f06e9519a1cc0ef6d13f186ff3447ab6dff0a09bc7f"},
    {file = "Pillow-7.2.0-cp38-cp38-win_amd64.whl", hash = "sha256:a060cf8aa332052df2158e5a119303965be92c3da6f2d93b6878f0ebca80b2f6"},
    {file = "Pillow-7.2.0-pp36-pypy36_pp73-win32.whl", hash = "sha256:25930fadde8019f374400f7986e8404c8b781ce519da27792cbe46eabec00c4d"},
    {file = "Pillow-7.2.0.tar.gz", hash = "sha256:97f9e7953a77d5a70f49b9a48da7776dc51e9b738151b22dacf101641594a626"},
]
pre-commit = [
    {file = "pre_commit-2.6.0-py2.py3-none-any.whl", hash = "sha256:e8b1315c585052e729ab7e99dcca5698266bedce9067d21dc909c23e3ceed626"},
    {file = "pre_commit-2.6.0.tar.gz", hash = "sha256:1657663fdd63a321a4a739915d7d03baedd555b25054449090f97bb0cb30a915"},
]
pyparsing = [
    {file = "pyparsing-2.4.7-py2.py3-none-any.whl", hash = "sha256:ef9d7589ef3c200abe66653d3f1ab1033c3c419ae9b9bdb1240a85b024efc88b"},
    {file = "pyparsing-2.4.7.tar.gz", hash = "sha256:c203ec8783bf771a155b207279b9bccb8dea02d8f0c9e5f8ead507bc3246ecc1"},
]
python-dateutil = [
    {file = "python-dateutil-2.8.1.tar.gz", hash = "sha256:73ebfe9dbf22e832286dafa60473e4cd239f8592f699aa5adaf10050e6e1823c"},
    {file = "python_dateutil-2.8.1-py2.py3-none-any.whl", hash = "sha256:75bb3f31ea686f1197762692a9ee6a7550b59fc6ca3a1f4b5d7e32fb98e2da2a"},
]
pytz = [
    {file = "pytz-2020.1-py2.py3-none-any.whl", hash = "sha256:a494d53b6d39c3c6e44c3bec237336e14305e4f29bbf800b599253057fbb79ed"},
    {file = "pytz-2020.1.tar.gz", hash = "sha256:c35965d010ce31b23eeb663ed3cc8c906275d6be1a34393a1d73a41febf4a048"},
]
pyyaml = [
    {file = "PyYAML-5.3.1-cp27-cp27m-win32.whl", hash = "sha256:74809a57b329d6cc0fdccee6318f44b9b8649961fa73144a98735b0aaf029f1f"},
    {file = "PyYAML-5.3.1-cp27-cp27m-win_amd64.whl", hash = "sha256:240097ff019d7c70a4922b6869d8a86407758333f02203e0fc6ff79c5dcede76"},
    {file = "PyYAML-5.3.1-cp35-cp35m-win32.whl", hash = "sha256:4f4b913ca1a7319b33cfb1369e91e50354d6f07a135f3b901aca02aa95940bd2"},
    {file = "PyYAML-5.3.1-cp35-cp35m-win_amd64.whl", hash = "sha256:cc8955cfbfc7a115fa81d85284ee61147059a753344bc51098f3ccd69b0d7e0c"},
    {file = "PyYAML-5.3.1-cp36-cp36m-win32.whl", hash = "sha256:7739fc0fa8205b3ee8808aea45e968bc90082c10aef6ea95e855e10abf4a37b2"},
    {file = "PyYAML-5.3.1-cp36-cp36m-win_amd64.whl", hash = "sha256:69f00dca373f240f842b2931fb2c7e14ddbacd1397d57157a9b005a6a9942648"},
    {file = "PyYAML-5.3.1-cp37-cp37m-win32.whl", hash = "sha256:d13155f591e6fcc1ec3b30685d50bf0711574e2c0dfffd7644babf8b5102ca1a"},
    {file = "PyYAML-5.3.1-cp37-cp37m-win_amd64.whl", hash = "sha256:73f099454b799e05e5ab51423c7bcf361c58d3206fa7b0d555426b1f4d9a3eaf"},
    {file = "PyYAML-5.3.1-cp38-cp38-win32.whl", hash = "sha256:06a0d7ba600ce0b2d2fe2e78453a470b5a6e000a985dd4a4e54e436cc36b0e97"},
    {file = "PyYAML-5.3.1-cp38-cp38-win_amd64.whl", hash = "sha256:95f71d2af0ff4227885f7a6605c37fd53d3a106fcab511b8860ecca9fcf400ee"},
    {file = "PyYAML-5.3.1.tar.gz", hash = "sha256:b8eac752c5e14d3eca0e6dd9199cd627518cb5ec06add0de9d32baeee6fe645d"},
]
scipy = [
    {file = "scipy-1.5.2-cp36-cp36m-macosx_10_9_x86_64.whl", hash = "sha256:cca9fce15109a36a0a9f9cfc64f870f1c140cb235ddf27fe0328e6afb44dfed0"},
    {file = "scipy-1.5.2-cp36-cp36m-manylinux1_i686.whl", hash = "sha256:1c7564a4810c1cd77fcdee7fa726d7d39d4e2695ad252d7c86c3ea9d85b7fb8f"},
    {file = "scipy-1.5.2-cp36-cp36m-manylinux1_x86_64.whl", hash = "sha256:07e52b316b40a4f001667d1ad4eb5f2318738de34597bd91537851365b6c61f1"},
    {file = "scipy-1.5.2-cp36-cp36m-win32.whl", hash = "sha256:d56b10d8ed72ec1be76bf10508446df60954f08a41c2d40778bc29a3a9ad9bce"},
    {file = "scipy-1.5.2-cp36-cp36m-win_amd64.whl", hash = "sha256:8e28e74b97fc8d6aa0454989db3b5d36fc27e69cef39a7ee5eaf8174ca1123cb"},
    {file = "scipy-1.5.2-cp37-cp37m-macosx_10_9_x86_64.whl", hash = "sha256:6e86c873fe1335d88b7a4bfa09d021f27a9e753758fd75f3f92d714aa4093768"},
    {file = "scipy-1.5.2-cp37-cp37m-manylinux1_i686.whl", hash = "sha256:a0afbb967fd2c98efad5f4c24439a640d39463282040a88e8e928db647d8ac3d"},
    {file = "scipy-1.5.2-cp37-cp37m-manylinux1_x86_64.whl", hash = "sha256:eecf40fa87eeda53e8e11d265ff2254729d04000cd40bae648e76ff268885d66"},
    {file = "scipy-1.5.2-cp37-cp37m-win32.whl", hash = "sha256:315aa2165aca31375f4e26c230188db192ed901761390be908c9b21d8b07df62"},
    {file = "scipy-1.5.2-cp37-cp37m-win_amd64.whl", hash = "sha256:ec5fe57e46828d034775b00cd625c4a7b5c7d2e354c3b258d820c6c72212a6ec"},
    {file = "scipy-1.5.2-cp38-cp38-macosx_10_9_x86_64.whl", hash = "sha256:fc98f3eac993b9bfdd392e675dfe19850cc8c7246a8fd2b42443e506344be7d9"},
    {file = "scipy-1.5.2-cp38-cp38-manylinux1_i686.whl", hash = "sha256:a785409c0fa51764766840185a34f96a0a93527a0ff0230484d33a8ed085c8f8"},
    {file = "scipy-1.5.2-cp38-cp38-manylinux1_x86_64.whl", hash = "sha256:0a0e9a4e58a4734c2eba917f834b25b7e3b6dc333901ce7784fd31aefbd37b2f"},
    {file = "scipy-1.5.2-cp38-cp38-win32.whl", hash = "sha256:dac09281a0eacd59974e24525a3bc90fa39b4e95177e638a31b14db60d3fa806"},
    {file = "scipy-1.5.2-cp38-cp38-win_amd64.whl", hash = "sha256:92eb04041d371fea828858e4fff182453c25ae3eaa8782d9b6c32b25857d23bc"},
    {file = "scipy-1.5.2.tar.gz", hash = "sha256:066c513d90eb3fd7567a9e150828d39111ebd88d3e924cdfc9f8ce19ab6f90c9"},
]
sentry-sdk = [
    {file = "sentry-sdk-0.15.1.tar.gz", hash = "sha256:3ac0c430761b3cb7682ce612151d829f8644bb3830d4e530c75b02ceb745ff49"},
    {file = "sentry_sdk-0.15.1-py2.py3-none-any.whl", hash = "sha256:06825c15a78934e78941ea25910db71314c891608a46492fc32c15902c6b2119"},
]
setuptools-scm = [
    {file = "setuptools_scm-4.1.2-py2.7.egg", hash = "sha256:b42c150c34d6120babf3646abd7513e032be2e230b3d2034f27404c65aa0c977"},
    {file = "setuptools_scm-4.1.2-py2.py3-none-any.whl", hash = "sha256:69258e2eeba5f7ce1ed7a5f109519580fa3578250f8e4d6684859f86d1b15826"},
    {file = "setuptools_scm-4.1.2-py3.5.egg", hash = "sha256:09c659d1d6680811c43f476a33c6d3d9872416580786e96bd29ea03e6a818e41"},
    {file = "setuptools_scm-4.1.2-py3.6.egg", hash = "sha256:731550a27e3901ee501c3bf99140b5436b8eeba341a9d19911cf364b8d573293"},
    {file = "setuptools_scm-4.1.2-py3.7.egg", hash = "sha256:efc928d6a64162c88cdc85fa4b84adfbd6dbf9f9b04319bc495eb16dcfaae00a"},
    {file = "setuptools_scm-4.1.2-py3.8.egg", hash = "sha256:eaaec16b7af25c5f532b5af2332213bb6223d15cca4518f6dbc4c055641c86fd"},
    {file = "setuptools_scm-4.1.2-py3.9.egg", hash = "sha256:892e63b4983f9e30f9e8bf89ad03d2a02a47e6e5ced09b03ae6fe952ade8a579"},
    {file = "setuptools_scm-4.1.2.tar.gz", hash = "sha256:a8994582e716ec690f33fec70cca0f85bd23ec974e3f783233e4879090a7faa8"},
]
six = [
    {file = "six-1.15.0-py2.py3-none-any.whl", hash = "sha256:8b74bedcbbbaca38ff6d7491d76f2b06b3592611af620f8426e82dddb04a5ced"},
    {file = "six-1.15.0.tar.gz", hash = "sha256:30639c035cdb23534cd4aa2dd52c3bf48f06e5f4a941509c8bafd8ce11080259"},
]
sqlparse = [
    {file = "sqlparse-0.3.1-py2.py3-none-any.whl", hash = "sha256:022fb9c87b524d1f7862b3037e541f68597a730a8843245c349fc93e1643dc4e"},
    {file = "sqlparse-0.3.1.tar.gz", hash = "sha256:e162203737712307dfe78860cc56c8da8a852ab2ee33750e33aeadf38d12c548"},
]
sympy = [
    {file = "sympy-1.6.1-py3-none-any.whl", hash = "sha256:7f50d922bf055560429777447ac827620fd86d39d1de4ea057422e7552c65f3b"},
    {file = "sympy-1.6.1.tar.gz", hash = "sha256:7386dba4f7e162e90766b5ea7cab5938c2fe3c620b310518c8ff504b283cb15b"},
]
toml = [
    {file = "toml-0.10.1-py2.py3-none-any.whl", hash = "sha256:bda89d5935c2eac546d648028b9901107a595863cb36bae0c73ac804a9b4ce88"},
    {file = "toml-0.10.1.tar.gz", hash = "sha256:926b612be1e5ce0634a2ca03470f95169cf16f939018233a670519cb4ac58b0f"},
]
urllib3 = [
    {file = "urllib3-1.25.10-py2.py3-none-any.whl", hash = "sha256:e7983572181f5e1522d9c98453462384ee92a0be7fac5f1413a1e35c56cc0461"},
    {file = "urllib3-1.25.10.tar.gz", hash = "sha256:91056c15fa70756691db97756772bb1eb9678fa585d9184f24534b100dc60f4a"},
]
virtualenv = [
    {file = "virtualenv-20.0.28-py2.py3-none-any.whl", hash = "sha256:8f582a030156282a9ee9d319984b759a232b07f86048c1d6a9e394afa44e78c8"},
    {file = "virtualenv-20.0.28.tar.gz", hash = "sha256:688a61d7976d82b92f7906c367e83bb4b3f0af96f8f75bfcd3da95608fe8ac6c"},
]
werkzeug = [
    {file = "Werkzeug-1.0.1-py2.py3-none-any.whl", hash = "sha256:2de2a5db0baeae7b2d2664949077c2ac63fbd16d98da0ff71837f7d1dea3fd43"},
    {file = "Werkzeug-1.0.1.tar.gz", hash = "sha256:6c80b1e5ad3665290ea39320b91e1be1e0d5f60652b964a3070216de83d2e47c"},
]
whitenoise = [
    {file = "whitenoise-5.2.0-py2.py3-none-any.whl", hash = "sha256:05d00198c777028d72d8b0bbd234db605ef6d60e9410125124002518a48e515d"},
    {file = "whitenoise-5.2.0.tar.gz", hash = "sha256:05ce0be39ad85740a78750c86a93485c40f08ad8c62a6006de0233765996e5c7"},
]
